
Microsoft Visual Studio Solution File, Format Version 12.00
# Visual Studio 15
VisualStudioVersion = 15.0.28010.2050
MinimumVisualStudioVersion = 10.0.40219.1
Project("{9A19103F-16F7-4668-BE54-9A1E7A4F7556}") = "CodeHubX", "CodeHubX\CodeHubX.csproj", "{7C9142D1-495D-4941-812B-44A6E833CF6B}"
EndProject
Project("{2150E333-8FDC-42A3-9474-1A3956D46DE8}") = "PlatformSpecific", "PlatformSpecific", "{38295CA3-1D27-45AE-A0FA-7658161457F3}"
EndProject
Project("{2150E333-8FDC-42A3-9474-1A3956D46DE8}") = "v4", "v4", "{3E49DFFF-3531-4443-9FD8-1931ACE79040}"
EndProject
Project("{2150E333-8FDC-42A3-9474-1A3956D46DE8}") = "v5", "v5", "{2A6B11CC-CC2F-47EF-86DF-DBFF49EF863F}"
EndProject
Project("{9A19103F-16F7-4668-BE54-9A1E7A4F7556}") = "CodeHubX.Tizen5.Mobile", "PlatformSpecific\Linux\Tizen\v5\Mobile\CodeHubX.Tizen5.Mobile.csproj", "{5D2C9969-25FB-4FC6-A694-4E3B9252724F}"
EndProject
Project("{9A19103F-16F7-4668-BE54-9A1E7A4F7556}") = "CodeHubX.Tizen5.TV", "PlatformSpecific\Linux\Tizen\v5\TV\CodeHubX.Tizen5.TV.csproj", "{CD26D153-9B04-43C8-BF7C-A48D258F76EF}"
EndProject
Project("{9A19103F-16F7-4668-BE54-9A1E7A4F7556}") = "CodeHubX.Tizen5.Watch", "PlatformSpecific\Linux\Tizen\v5\Watch\CodeHubX.Tizen5.Watch.csproj", "{C0AA32A6-1F3E-4E17-A63D-AEDDAF57F9FF}"
EndProject
Project("{9A19103F-16F7-4668-BE54-9A1E7A4F7556}") = "CodeHubX.Tizen4.Mobile", "PlatformSpecific\Linux\Tizen\v4\Mobile\CodeHubX.Tizen4.Mobile.csproj", "{BBC72DBB-BD6A-4E8A-9B10-417544FC8F25}"
EndProject
Project("{9A19103F-16F7-4668-BE54-9A1E7A4F7556}") = "CodeHubX.Shared.Tizen4", "PlatformSpecific\Linux\Tizen\v4\Shared\CodeHubX.Shared.Tizen4.csproj", "{E28BB06F-1859-4910-A09D-14A36CB2754F}"
EndProject
Project("{9A19103F-16F7-4668-BE54-9A1E7A4F7556}") = "CodeHubX.Shared.Tizen5", "PlatformSpecific\Linux\Tizen\v5\Shared\CodeHubX.Shared.Tizen5.csproj", "{9686F26E-61EB-4876-8B81-4165F64B6A18}"
EndProject
Project("{9A19103F-16F7-4668-BE54-9A1E7A4F7556}") = "CodeHubX.Tizen4.TV", "PlatformSpecific\Linux\Tizen\v4\TV\CodeHubX.Tizen4.TV.csproj", "{A7A99373-9D09-4F28-AACE-363EB1FD6629}"
EndProject
Project("{9A19103F-16F7-4668-BE54-9A1E7A4F7556}") = "CodeHubX.Tizen4.Watch", "PlatformSpecific\Linux\Tizen\v4\Watch\CodeHubX.Tizen4.Watch.csproj", "{933ACE3A-B6DF-456D-8F7A-80FD551BC708}"
EndProject
Project("{9A19103F-16F7-4668-BE54-9A1E7A4F7556}") = "CodeHubX.Tizen4.TV.Samsung", "PlatformSpecific\Linux\Tizen\v4\TV.Samsung\CodeHubX.Tizen4.TV.Samsung.csproj", "{B6863B2E-6F28-40B9-87BE-B33B11BFC7F4}"
EndProject
Project("{9A19103F-16F7-4668-BE54-9A1E7A4F7556}") = "CodeHubX.Tizen5.TV.Samsung", "PlatformSpecific\Linux\Tizen\v5\TV.Samsung\CodeHubX.Tizen5.TV.Samsung.csproj", "{A583A6FC-63BB-4729-8653-80CC8F44369F}"
EndProject
Project("{2150E333-8FDC-42A3-9474-1A3956D46DE8}") = "Solution Items", "Solution Items", "{86611783-B716-4D6C-946F-A3B6AA601F73}"
	ProjectSection(SolutionItems) = preProject
		.editorconfig = .editorconfig
		NuGet.Config = NuGet.Config
	EndProjectSection
EndProject
Global
	GlobalSection(SolutionConfigurationPlatforms) = preSolution
		Debug|Any CPU = Debug|Any CPU
		Release|Any CPU = Release|Any CPU
	EndGlobalSection
	GlobalSection(ProjectConfigurationPlatforms) = postSolution
		{7C9142D1-495D-4941-812B-44A6E833CF6B}.Debug|Any CPU.ActiveCfg = Debug|Any CPU
		{7C9142D1-495D-4941-812B-44A6E833CF6B}.Debug|Any CPU.Build.0 = Debug|Any CPU
		{7C9142D1-495D-4941-812B-44A6E833CF6B}.Release|Any CPU.ActiveCfg = Release|Any CPU
		{7C9142D1-495D-4941-812B-44A6E833CF6B}.Release|Any CPU.Build.0 = Release|Any CPU
		{5D2C9969-25FB-4FC6-A694-4E3B9252724F}.Debug|Any CPU.ActiveCfg = Debug|Any CPU
		{5D2C9969-25FB-4FC6-A694-4E3B9252724F}.Debug|Any CPU.Build.0 = Debug|Any CPU
		{5D2C9969-25FB-4FC6-A694-4E3B9252724F}.Release|Any CPU.ActiveCfg = Release|Any CPU
		{5D2C9969-25FB-4FC6-A694-4E3B9252724F}.Release|Any CPU.Build.0 = Release|Any CPU
		{CD26D153-9B04-43C8-BF7C-A48D258F76EF}.Debug|Any CPU.ActiveCfg = Debug|Any CPU
		{CD26D153-9B04-43C8-BF7C-A48D258F76EF}.Debug|Any CPU.Build.0 = Debug|Any CPU
		{CD26D153-9B04-43C8-BF7C-A48D258F76EF}.Release|Any CPU.ActiveCfg = Release|Any CPU
		{CD26D153-9B04-43C8-BF7C-A48D258F76EF}.Release|Any CPU.Build.0 = Release|Any CPU
		{C0AA32A6-1F3E-4E17-A63D-AEDDAF57F9FF}.Debug|Any CPU.ActiveCfg = Debug|Any CPU
		{C0AA32A6-1F3E-4E17-A63D-AEDDAF57F9FF}.Debug|Any CPU.Build.0 = Debug|Any CPU
		{C0AA32A6-1F3E-4E17-A63D-AEDDAF57F9FF}.Release|Any CPU.ActiveCfg = Release|Any CPU
		{C0AA32A6-1F3E-4E17-A63D-AEDDAF57F9FF}.Release|Any CPU.Build.0 = Release|Any CPU
		{BBC72DBB-BD6A-4E8A-9B10-417544FC8F25}.Debug|Any CPU.ActiveCfg = Debug|Any CPU
		{BBC72DBB-BD6A-4E8A-9B10-417544FC8F25}.Debug|Any CPU.Build.0 = Debug|Any CPU
		{BBC72DBB-BD6A-4E8A-9B10-417544FC8F25}.Release|Any CPU.ActiveCfg = Release|Any CPU
		{BBC72DBB-BD6A-4E8A-9B10-417544FC8F25}.Release|Any CPU.Build.0 = Release|Any CPU
		{E28BB06F-1859-4910-A09D-14A36CB2754F}.Debug|Any CPU.ActiveCfg = Debug|Any CPU
		{E28BB06F-1859-4910-A09D-14A36CB2754F}.Debug|Any CPU.Build.0 = Debug|Any CPU
		{E28BB06F-1859-4910-A09D-14A36CB2754F}.Release|Any CPU.ActiveCfg = Release|Any CPU
		{E28BB06F-1859-4910-A09D-14A36CB2754F}.Release|Any CPU.Build.0 = Release|Any CPU
		{9686F26E-61EB-4876-8B81-4165F64B6A18}.Debug|Any CPU.ActiveCfg = Debug|Any CPU
		{9686F26E-61EB-4876-8B81-4165F64B6A18}.Debug|Any CPU.Build.0 = Debug|Any CPU
		{9686F26E-61EB-4876-8B81-4165F64B6A18}.Release|Any CPU.ActiveCfg = Release|Any CPU
		{9686F26E-61EB-4876-8B81-4165F64B6A18}.Release|Any CPU.Build.0 = Release|Any CPU
		{A7A99373-9D09-4F28-AACE-363EB1FD6629}.Debug|Any CPU.ActiveCfg = Debug|Any CPU
		{A7A99373-9D09-4F28-AACE-363EB1FD6629}.Debug|Any CPU.Build.0 = Debug|Any CPU
		{A7A99373-9D09-4F28-AACE-363EB1FD6629}.Release|Any CPU.ActiveCfg = Release|Any CPU
		{A7A99373-9D09-4F28-AACE-363EB1FD6629}.Release|Any CPU.Build.0 = Release|Any CPU
		{933ACE3A-B6DF-456D-8F7A-80FD551BC708}.Debug|Any CPU.ActiveCfg = Debug|Any CPU
		{933ACE3A-B6DF-456D-8F7A-80FD551BC708}.Debug|Any CPU.Build.0 = Debug|Any CPU
		{933ACE3A-B6DF-456D-8F7A-80FD551BC708}.Release|Any CPU.ActiveCfg = Release|Any CPU
		{933ACE3A-B6DF-456D-8F7A-80FD551BC708}.Release|Any CPU.Build.0 = Release|Any CPU
		{B6863B2E-6F28-40B9-87BE-B33B11BFC7F4}.Debug|Any CPU.ActiveCfg = Debug|Any CPU
		{B6863B2E-6F28-40B9-87BE-B33B11BFC7F4}.Debug|Any CPU.Build.0 = Debug|Any CPU
		{B6863B2E-6F28-40B9-87BE-B33B11BFC7F4}.Release|Any CPU.ActiveCfg = Release|Any CPU
		{B6863B2E-6F28-40B9-87BE-B33B11BFC7F4}.Release|Any CPU.Build.0 = Release|Any CPU
		{A583A6FC-63BB-4729-8653-80CC8F44369F}.Debug|Any CPU.ActiveCfg = Debug|Any CPU
		{A583A6FC-63BB-4729-8653-80CC8F44369F}.Debug|Any CPU.Build.0 = Debug|Any CPU
		{A583A6FC-63BB-4729-8653-80CC8F44369F}.Release|Any CPU.ActiveCfg = Release|Any CPU
		{A583A6FC-63BB-4729-8653-80CC8F44369F}.Release|Any CPU.Build.0 = Release|Any CPU
	EndGlobalSection
	GlobalSection(SolutionProperties) = preSolution
		HideSolutionNode = FALSE
	EndGlobalSection
	GlobalSection(NestedProjects) = preSolution
		{3E49DFFF-3531-4443-9FD8-1931ACE79040} = {38295CA3-1D27-45AE-A0FA-7658161457F3}
		{2A6B11CC-CC2F-47EF-86DF-DBFF49EF863F} = {38295CA3-1D27-45AE-A0FA-7658161457F3}
		{5D2C9969-25FB-4FC6-A694-4E3B9252724F} = {2A6B11CC-CC2F-47EF-86DF-DBFF49EF863F}
		{CD26D153-9B04-43C8-BF7C-A48D258F76EF} = {2A6B11CC-CC2F-47EF-86DF-DBFF49EF863F}
		{C0AA32A6-1F3E-4E17-A63D-AEDDAF57F9FF} = {2A6B11CC-CC2F-47EF-86DF-DBFF49EF863F}
		{BBC72DBB-BD6A-4E8A-9B10-417544FC8F25} = {3E49DFFF-3531-4443-9FD8-1931ACE79040}
		{E28BB06F-1859-4910-A09D-14A36CB2754F} = {3E49DFFF-3531-4443-9FD8-1931ACE79040}
		{9686F26E-61EB-4876-8B81-4165F64B6A18} = {2A6B11CC-CC2F-47EF-86DF-DBFF49EF863F}
		{A7A99373-9D09-4F28-AACE-363EB1FD6629} = {3E49DFFF-3531-4443-9FD8-1931ACE79040}
		{933ACE3A-B6DF-456D-8F7A-80FD551BC708} = {3E49DFFF-3531-4443-9FD8-1931ACE79040}
		{B6863B2E-6F28-40B9-87BE-B33B11BFC7F4} = {3E49DFFF-3531-4443-9FD8-1931ACE79040}
		{A583A6FC-63BB-4729-8653-80CC8F44369F} = {2A6B11CC-CC2F-47EF-86DF-DBFF49EF863F}
	EndGlobalSection
	GlobalSection(ExtensibilityGlobals) = postSolution
		SolutionGuid = {C5422BD4-AA16-458C-83D7-98EA9AABBC95}
	EndGlobalSection
EndGlobal
