
Microsoft Visual Studio Solution File, Format Version 12.00
# Visual Studio 15
VisualStudioVersion = 15.0.28010.2046
MinimumVisualStudioVersion = 10.0.40219.1
Project("{2150E333-8FDC-42A3-9474-1A3956D46DE8}") = "PlatformSpecific", "PlatformSpecific", "{39CDED98-489B-4871-9E65-4E10050D6553}"
EndProject
Project("{2150E333-8FDC-42A3-9474-1A3956D46DE8}") = "Windows", "Windows", "{803B1AAD-B2C6-4B04-814A-8DE24FC660BF}"
EndProject
Project("{2150E333-8FDC-42A3-9474-1A3956D46DE8}") = "Linux", "Linux", "{C67AD2A9-F2D4-4A59-8785-525CE42B5167}"
EndProject
Project("{2150E333-8FDC-42A3-9474-1A3956D46DE8}") = "Apple", "Apple", "{93500A8D-C2D6-4B31-B863-0500D0AD408D}"
EndProject
Project("{2150E333-8FDC-42A3-9474-1A3956D46DE8}") = "Web", "Web", "{35843D85-83B7-4A5D-85C3-43ED8B5F8967}"
EndProject
Project("{2150E333-8FDC-42A3-9474-1A3956D46DE8}") = "Solution Items", "Solution Items", "{6D968105-2CD9-41E2-A970-66D9DF99E072}"
	ProjectSection(SolutionItems) = preProject
		.editorconfig = .editorconfig
		CODE_OF_CONDUCT.md = CODE_OF_CONDUCT.md
		CONTRIBUTING.md = CONTRIBUTING.md
		LICENSE.md = LICENSE.md
		NuGet.Config = NuGet.Config
		README.md = README.md
	EndProjectSection
EndProject
Project("{9A19103F-16F7-4668-BE54-9A1E7A4F7556}") = "CodeHubX", "CodeHubX\CodeHubX.csproj", "{AA34E5B9-8709-42C2-9994-79BB8A1841DD}"
EndProject
Project("{FAE04EC0-301F-11D3-BF4B-00C04F79EFBC}") = "CodeHubX.Apple.TV", "PlatformSpecific\Apple\tvOS\CodeHubX.Apple.TV.csproj", "{8F1AEAD1-CD2E-4EB2-836D-AE756FD7710A}"
EndProject
Project("{FAE04EC0-301F-11D3-BF4B-00C04F79EFBC}") = "CodeHubX.Apple.Universal", "PlatformSpecific\Apple\Universal\CodeHubX.Apple.Universal.csproj", "{8095F2FF-137A-49BC-B3F0-DF2494CC93B5}"
EndProject
Project("{FAE04EC0-301F-11D3-BF4B-00C04F79EFBC}") = "CodeHubX.Apple.Watch.Extension", "PlatformSpecific\Apple\watchOS\Watch.Extension\CodeHubX.Apple.Watch.Extension.csproj", "{96F662A8-A724-495F-9D3A-6C23BCF07769}"
EndProject
Project("{FAE04EC0-301F-11D3-BF4B-00C04F79EFBC}") = "CodeHubX.Apple.Watch", "PlatformSpecific\Apple\watchOS\Watch\CodeHubX.Apple.Watch.csproj", "{A0E9284B-B8EE-4A26-A98D-33C26D29CAAD}"
EndProject
Project("{FAE04EC0-301F-11D3-BF4B-00C04F79EFBC}") = "CodeHubX.Linux.GTK", "PlatformSpecific\Linux\Linux.GTK\CodeHubX.Linux.GTK.csproj", "{7FFE4849-6679-4062-9A07-71F4434D2D47}"
EndProject
Project("{FAE04EC0-301F-11D3-BF4B-00C04F79EFBC}") = "CodeHubX.Droid.Mobile", "PlatformSpecific\Linux\Android\Mobile\CodeHubX.Droid.Mobile.csproj", "{2033C2B9-2B2D-47E5-BDD8-17F72983B129}"
EndProject
Project("{2150E333-8FDC-42A3-9474-1A3956D46DE8}") = "Tizen", "Tizen", "{474EA4FF-C97A-4403-8DFF-873C70620EFE}"
EndProject
Project("{9A19103F-16F7-4668-BE54-9A1E7A4F7556}") = "CodeHubX.Tizen4.Mobile", "PlatformSpecific\Linux\Tizen\v4\Mobile\CodeHubX.Tizen4.Mobile.csproj", "{193972A2-CAEE-4EEF-836E-D1D4C173CD55}"
EndProject
Project("{9A19103F-16F7-4668-BE54-9A1E7A4F7556}") = "CodeHubX.Tizen4.TV", "PlatformSpecific\Linux\Tizen\v4\TV\CodeHubX.Tizen4.TV.csproj", "{541BD1D8-6D8B-44DA-9D5E-3E9C250E1A41}"
EndProject
Project("{9A19103F-16F7-4668-BE54-9A1E7A4F7556}") = "CodeHubX.Tizen4.TV.Samsung", "PlatformSpecific\Linux\Tizen\v4\TV.Samsung\CodeHubX.Tizen4.TV.Samsung.csproj", "{6071E46A-F075-4F24-8264-4FE4E5485FAC}"
EndProject
Project("{9A19103F-16F7-4668-BE54-9A1E7A4F7556}") = "CodeHubX.Tizen4.Watch", "PlatformSpecific\Linux\Tizen\v4\Watch\CodeHubX.Tizen4.Watch.csproj", "{4248878F-D772-4FE5-AB1A-B2B647ADACCF}"
EndProject
Project("{2150E333-8FDC-42A3-9474-1A3956D46DE8}") = "v4", "v4", "{2DA73FE6-FF38-46D8-84D6-B5B7A62D9896}"
EndProject
Project("{2150E333-8FDC-42A3-9474-1A3956D46DE8}") = "v5", "v5", "{12A7420F-F3B5-43E1-B30F-9180A96B23DC}"
EndProject
Project("{9A19103F-16F7-4668-BE54-9A1E7A4F7556}") = "CodeHubX.Shared.Tizen5", "PlatformSpecific\Linux\Tizen\v5\Shared\CodeHubX.Shared.Tizen5.csproj", "{37116CE3-2A83-4BAF-9CFF-FC3532D331D0}"
EndProject
Project("{9A19103F-16F7-4668-BE54-9A1E7A4F7556}") = "CodeHubX.Tizen5.Mobile", "PlatformSpecific\Linux\Tizen\v5\Mobile\CodeHubX.Tizen5.Mobile.csproj", "{962FCB60-F395-4612-AAAA-17E6DDF73508}"
EndProject
Project("{9A19103F-16F7-4668-BE54-9A1E7A4F7556}") = "CodeHubX.Tizen5.TV", "PlatformSpecific\Linux\Tizen\v5\TV\CodeHubX.Tizen5.TV.csproj", "{033144B7-21D2-4451-B8CC-43CDC3A06BE7}"
EndProject
Project("{9A19103F-16F7-4668-BE54-9A1E7A4F7556}") = "CodeHubX.Tizen5.TV.Samsung", "PlatformSpecific\Linux\Tizen\v5\TV.Samsung\CodeHubX.Tizen5.TV.Samsung.csproj", "{9DDC8A12-C272-4B86-8544-5E09743C2255}"
EndProject
Project("{9A19103F-16F7-4668-BE54-9A1E7A4F7556}") = "CodeHubX.Tizen5.Watch", "PlatformSpecific\Linux\Tizen\v5\Watch\CodeHubX.Tizen5.Watch.csproj", "{5DEEB9D6-8E7A-4B72-9E08-1368B73E3A49}"
EndProject
Project("{9A19103F-16F7-4668-BE54-9A1E7A4F7556}") = "CodeHubX.Web", "PlatformSpecific\Web\CodeHubX.Web.MobileAppService\CodeHubX.Web.csproj", "{13BED709-B870-45E1-925A-4C5FD9A5B946}"
EndProject
Project("{FAE04EC0-301F-11D3-BF4B-00C04F79EFBC}") = "CodeHubX.Windows.WPF", "PlatformSpecific\Windows\Desktop\CodeHubX.Windows.WPF.csproj", "{2D18DE1F-EFC4-43E7-A566-44E82EDE67C0}"
EndProject
Project("{FAE04EC0-301F-11D3-BF4B-00C04F79EFBC}") = "CodeHubX.UWP", "PlatformSpecific\Windows\Universal\CodeHubX.UWP.csproj", "{46F2EDE4-2ED1-4C4E-B4E9-432B2BBE7A91}"
EndProject
Project("{FAE04EC0-301F-11D3-BF4B-00C04F79EFBC}") = "CodeHubX.Apple.OSX", "PlatformSpecific\Apple\Desktop\CodeHubX.Apple.OSX.csproj", "{E669EF46-E3C6-46DB-8FBD-329C93785C9F}"
EndProject
Project("{9A19103F-16F7-4668-BE54-9A1E7A4F7556}") = "CodeHubX.Shared.Tizen4", "PlatformSpecific\Linux\Tizen\v4\Shared\CodeHubX.Shared.Tizen4.csproj", "{00604559-81C4-4D7E-A23B-0B47EBECA2AB}"
EndProject
Global
	GlobalSection(SolutionConfigurationPlatforms) = preSolution
		Debug|Any CPU = Debug|Any CPU
		Debug|ARM = Debug|ARM
		Debug|iPhone = Debug|iPhone
		Debug|iPhoneSimulator = Debug|iPhoneSimulator
		Debug|x64 = Debug|x64
		Debug|x86 = Debug|x86
		Release|Any CPU = Release|Any CPU
		Release|ARM = Release|ARM
		Release|iPhone = Release|iPhone
		Release|iPhoneSimulator = Release|iPhoneSimulator
		Release|x64 = Release|x64
		Release|x86 = Release|x86
	EndGlobalSection
	GlobalSection(ProjectConfigurationPlatforms) = postSolution
		{AA34E5B9-8709-42C2-9994-79BB8A1841DD}.Debug|Any CPU.ActiveCfg = Debug|Any CPU
		{AA34E5B9-8709-42C2-9994-79BB8A1841DD}.Debug|Any CPU.Build.0 = Debug|Any CPU
		{AA34E5B9-8709-42C2-9994-79BB8A1841DD}.Debug|ARM.ActiveCfg = Debug|Any CPU
		{AA34E5B9-8709-42C2-9994-79BB8A1841DD}.Debug|ARM.Build.0 = Debug|Any CPU
		{AA34E5B9-8709-42C2-9994-79BB8A1841DD}.Debug|iPhone.ActiveCfg = Debug|Any CPU
		{AA34E5B9-8709-42C2-9994-79BB8A1841DD}.Debug|iPhone.Build.0 = Debug|Any CPU
		{AA34E5B9-8709-42C2-9994-79BB8A1841DD}.Debug|iPhoneSimulator.ActiveCfg = Debug|Any CPU
		{AA34E5B9-8709-42C2-9994-79BB8A1841DD}.Debug|iPhoneSimulator.Build.0 = Debug|Any CPU
		{AA34E5B9-8709-42C2-9994-79BB8A1841DD}.Debug|x64.ActiveCfg = Debug|Any CPU
		{AA34E5B9-8709-42C2-9994-79BB8A1841DD}.Debug|x64.Build.0 = Debug|Any CPU
		{AA34E5B9-8709-42C2-9994-79BB8A1841DD}.Debug|x86.ActiveCfg = Debug|Any CPU
		{AA34E5B9-8709-42C2-9994-79BB8A1841DD}.Debug|x86.Build.0 = Debug|Any CPU
		{AA34E5B9-8709-42C2-9994-79BB8A1841DD}.Release|Any CPU.ActiveCfg = Release|Any CPU
		{AA34E5B9-8709-42C2-9994-79BB8A1841DD}.Release|Any CPU.Build.0 = Release|Any CPU
		{AA34E5B9-8709-42C2-9994-79BB8A1841DD}.Release|ARM.ActiveCfg = Release|Any CPU
		{AA34E5B9-8709-42C2-9994-79BB8A1841DD}.Release|ARM.Build.0 = Release|Any CPU
		{AA34E5B9-8709-42C2-9994-79BB8A1841DD}.Release|iPhone.ActiveCfg = Release|Any CPU
		{AA34E5B9-8709-42C2-9994-79BB8A1841DD}.Release|iPhone.Build.0 = Release|Any CPU
		{AA34E5B9-8709-42C2-9994-79BB8A1841DD}.Release|iPhoneSimulator.ActiveCfg = Release|Any CPU
		{AA34E5B9-8709-42C2-9994-79BB8A1841DD}.Release|iPhoneSimulator.Build.0 = Release|Any CPU
		{AA34E5B9-8709-42C2-9994-79BB8A1841DD}.Release|x64.ActiveCfg = Release|Any CPU
		{AA34E5B9-8709-42C2-9994-79BB8A1841DD}.Release|x64.Build.0 = Release|Any CPU
		{AA34E5B9-8709-42C2-9994-79BB8A1841DD}.Release|x86.ActiveCfg = Release|Any CPU
		{AA34E5B9-8709-42C2-9994-79BB8A1841DD}.Release|x86.Build.0 = Release|Any CPU
		{8F1AEAD1-CD2E-4EB2-836D-AE756FD7710A}.Debug|Any CPU.ActiveCfg = Debug|iPhone
		{8F1AEAD1-CD2E-4EB2-836D-AE756FD7710A}.Debug|ARM.ActiveCfg = Debug|iPhone
		{8F1AEAD1-CD2E-4EB2-836D-AE756FD7710A}.Debug|iPhone.ActiveCfg = Debug|iPhone
		{8F1AEAD1-CD2E-4EB2-836D-AE756FD7710A}.Debug|iPhone.Build.0 = Debug|iPhone
		{8F1AEAD1-CD2E-4EB2-836D-AE756FD7710A}.Debug|iPhoneSimulator.ActiveCfg = Debug|iPhoneSimulator
		{8F1AEAD1-CD2E-4EB2-836D-AE756FD7710A}.Debug|iPhoneSimulator.Build.0 = Debug|iPhoneSimulator
		{8F1AEAD1-CD2E-4EB2-836D-AE756FD7710A}.Debug|x64.ActiveCfg = Debug|iPhone
		{8F1AEAD1-CD2E-4EB2-836D-AE756FD7710A}.Debug|x86.ActiveCfg = Debug|iPhone
		{8F1AEAD1-CD2E-4EB2-836D-AE756FD7710A}.Release|Any CPU.ActiveCfg = Release|iPhone
		{8F1AEAD1-CD2E-4EB2-836D-AE756FD7710A}.Release|ARM.ActiveCfg = Release|iPhone
		{8F1AEAD1-CD2E-4EB2-836D-AE756FD7710A}.Release|iPhone.ActiveCfg = Release|iPhone
		{8F1AEAD1-CD2E-4EB2-836D-AE756FD7710A}.Release|iPhone.Build.0 = Release|iPhone
		{8F1AEAD1-CD2E-4EB2-836D-AE756FD7710A}.Release|iPhoneSimulator.ActiveCfg = Release|iPhoneSimulator
		{8F1AEAD1-CD2E-4EB2-836D-AE756FD7710A}.Release|iPhoneSimulator.Build.0 = Release|iPhoneSimulator
		{8F1AEAD1-CD2E-4EB2-836D-AE756FD7710A}.Release|x64.ActiveCfg = Release|iPhone
		{8F1AEAD1-CD2E-4EB2-836D-AE756FD7710A}.Release|x86.ActiveCfg = Release|iPhone
		{8095F2FF-137A-49BC-B3F0-DF2494CC93B5}.Debug|Any CPU.ActiveCfg = Debug|iPhone
		{8095F2FF-137A-49BC-B3F0-DF2494CC93B5}.Debug|ARM.ActiveCfg = Debug|iPhone
		{8095F2FF-137A-49BC-B3F0-DF2494CC93B5}.Debug|iPhone.ActiveCfg = Debug|iPhone
		{8095F2FF-137A-49BC-B3F0-DF2494CC93B5}.Debug|iPhone.Build.0 = Debug|iPhone
		{8095F2FF-137A-49BC-B3F0-DF2494CC93B5}.Debug|iPhoneSimulator.ActiveCfg = Debug|iPhoneSimulator
		{8095F2FF-137A-49BC-B3F0-DF2494CC93B5}.Debug|iPhoneSimulator.Build.0 = Debug|iPhoneSimulator
		{8095F2FF-137A-49BC-B3F0-DF2494CC93B5}.Debug|x64.ActiveCfg = Debug|iPhone
		{8095F2FF-137A-49BC-B3F0-DF2494CC93B5}.Debug|x86.ActiveCfg = Debug|iPhone
		{8095F2FF-137A-49BC-B3F0-DF2494CC93B5}.Release|Any CPU.ActiveCfg = Release|iPhone
		{8095F2FF-137A-49BC-B3F0-DF2494CC93B5}.Release|ARM.ActiveCfg = Release|iPhone
		{8095F2FF-137A-49BC-B3F0-DF2494CC93B5}.Release|iPhone.ActiveCfg = Release|iPhone
		{8095F2FF-137A-49BC-B3F0-DF2494CC93B5}.Release|iPhone.Build.0 = Release|iPhone
		{8095F2FF-137A-49BC-B3F0-DF2494CC93B5}.Release|iPhoneSimulator.ActiveCfg = Release|iPhoneSimulator
		{8095F2FF-137A-49BC-B3F0-DF2494CC93B5}.Release|iPhoneSimulator.Build.0 = Release|iPhoneSimulator
		{8095F2FF-137A-49BC-B3F0-DF2494CC93B5}.Release|x64.ActiveCfg = Release|iPhone
		{8095F2FF-137A-49BC-B3F0-DF2494CC93B5}.Release|x86.ActiveCfg = Release|iPhone
		{96F662A8-A724-495F-9D3A-6C23BCF07769}.Debug|Any CPU.ActiveCfg = Debug|iPhone
		{96F662A8-A724-495F-9D3A-6C23BCF07769}.Debug|ARM.ActiveCfg = Debug|iPhone
		{96F662A8-A724-495F-9D3A-6C23BCF07769}.Debug|iPhone.ActiveCfg = Debug|iPhone
		{96F662A8-A724-495F-9D3A-6C23BCF07769}.Debug|iPhone.Build.0 = Debug|iPhone
		{96F662A8-A724-495F-9D3A-6C23BCF07769}.Debug|iPhoneSimulator.ActiveCfg = Debug|iPhoneSimulator
		{96F662A8-A724-495F-9D3A-6C23BCF07769}.Debug|iPhoneSimulator.Build.0 = Debug|iPhoneSimulator
		{96F662A8-A724-495F-9D3A-6C23BCF07769}.Debug|x64.ActiveCfg = Debug|iPhone
		{96F662A8-A724-495F-9D3A-6C23BCF07769}.Debug|x86.ActiveCfg = Debug|iPhone
		{96F662A8-A724-495F-9D3A-6C23BCF07769}.Release|Any CPU.ActiveCfg = Release|iPhone
		{96F662A8-A724-495F-9D3A-6C23BCF07769}.Release|ARM.ActiveCfg = Release|iPhone
		{96F662A8-A724-495F-9D3A-6C23BCF07769}.Release|iPhone.ActiveCfg = Release|iPhone
		{96F662A8-A724-495F-9D3A-6C23BCF07769}.Release|iPhone.Build.0 = Release|iPhone
		{96F662A8-A724-495F-9D3A-6C23BCF07769}.Release|iPhoneSimulator.ActiveCfg = Release|iPhoneSimulator
		{96F662A8-A724-495F-9D3A-6C23BCF07769}.Release|iPhoneSimulator.Build.0 = Release|iPhoneSimulator
		{96F662A8-A724-495F-9D3A-6C23BCF07769}.Release|x64.ActiveCfg = Release|iPhone
		{96F662A8-A724-495F-9D3A-6C23BCF07769}.Release|x86.ActiveCfg = Release|iPhone
		{A0E9284B-B8EE-4A26-A98D-33C26D29CAAD}.Debug|Any CPU.ActiveCfg = Debug|iPhone
		{A0E9284B-B8EE-4A26-A98D-33C26D29CAAD}.Debug|ARM.ActiveCfg = Debug|iPhone
		{A0E9284B-B8EE-4A26-A98D-33C26D29CAAD}.Debug|iPhone.ActiveCfg = Debug|iPhone
		{A0E9284B-B8EE-4A26-A98D-33C26D29CAAD}.Debug|iPhone.Build.0 = Debug|iPhone
		{A0E9284B-B8EE-4A26-A98D-33C26D29CAAD}.Debug|iPhoneSimulator.ActiveCfg = Debug|iPhoneSimulator
		{A0E9284B-B8EE-4A26-A98D-33C26D29CAAD}.Debug|iPhoneSimulator.Build.0 = Debug|iPhoneSimulator
		{A0E9284B-B8EE-4A26-A98D-33C26D29CAAD}.Debug|x64.ActiveCfg = Debug|iPhone
		{A0E9284B-B8EE-4A26-A98D-33C26D29CAAD}.Debug|x86.ActiveCfg = Debug|iPhone
		{A0E9284B-B8EE-4A26-A98D-33C26D29CAAD}.Release|Any CPU.ActiveCfg = Release|iPhone
		{A0E9284B-B8EE-4A26-A98D-33C26D29CAAD}.Release|ARM.ActiveCfg = Release|iPhone
		{A0E9284B-B8EE-4A26-A98D-33C26D29CAAD}.Release|iPhone.ActiveCfg = Release|iPhone
		{A0E9284B-B8EE-4A26-A98D-33C26D29CAAD}.Release|iPhone.Build.0 = Release|iPhone
		{A0E9284B-B8EE-4A26-A98D-33C26D29CAAD}.Release|iPhoneSimulator.ActiveCfg = Release|iPhoneSimulator
		{A0E9284B-B8EE-4A26-A98D-33C26D29CAAD}.Release|iPhoneSimulator.Build.0 = Release|iPhoneSimulator
		{A0E9284B-B8EE-4A26-A98D-33C26D29CAAD}.Release|x64.ActiveCfg = Release|iPhone
		{A0E9284B-B8EE-4A26-A98D-33C26D29CAAD}.Release|x86.ActiveCfg = Release|iPhone
		{7FFE4849-6679-4062-9A07-71F4434D2D47}.Debug|Any CPU.ActiveCfg = Debug|Any CPU
		{7FFE4849-6679-4062-9A07-71F4434D2D47}.Debug|Any CPU.Build.0 = Debug|Any CPU
		{7FFE4849-6679-4062-9A07-71F4434D2D47}.Debug|ARM.ActiveCfg = Debug|Any CPU
		{7FFE4849-6679-4062-9A07-71F4434D2D47}.Debug|ARM.Build.0 = Debug|Any CPU
		{7FFE4849-6679-4062-9A07-71F4434D2D47}.Debug|iPhone.ActiveCfg = Debug|Any CPU
		{7FFE4849-6679-4062-9A07-71F4434D2D47}.Debug|iPhone.Build.0 = Debug|Any CPU
		{7FFE4849-6679-4062-9A07-71F4434D2D47}.Debug|iPhoneSimulator.ActiveCfg = Debug|Any CPU
		{7FFE4849-6679-4062-9A07-71F4434D2D47}.Debug|iPhoneSimulator.Build.0 = Debug|Any CPU
		{7FFE4849-6679-4062-9A07-71F4434D2D47}.Debug|x64.ActiveCfg = Debug|Any CPU
		{7FFE4849-6679-4062-9A07-71F4434D2D47}.Debug|x64.Build.0 = Debug|Any CPU
		{7FFE4849-6679-4062-9A07-71F4434D2D47}.Debug|x86.ActiveCfg = Debug|Any CPU
		{7FFE4849-6679-4062-9A07-71F4434D2D47}.Debug|x86.Build.0 = Debug|Any CPU
		{7FFE4849-6679-4062-9A07-71F4434D2D47}.Release|Any CPU.ActiveCfg = Release|Any CPU
		{7FFE4849-6679-4062-9A07-71F4434D2D47}.Release|Any CPU.Build.0 = Release|Any CPU
		{7FFE4849-6679-4062-9A07-71F4434D2D47}.Release|ARM.ActiveCfg = Release|Any CPU
		{7FFE4849-6679-4062-9A07-71F4434D2D47}.Release|ARM.Build.0 = Release|Any CPU
		{7FFE4849-6679-4062-9A07-71F4434D2D47}.Release|iPhone.ActiveCfg = Release|Any CPU
		{7FFE4849-6679-4062-9A07-71F4434D2D47}.Release|iPhone.Build.0 = Release|Any CPU
		{7FFE4849-6679-4062-9A07-71F4434D2D47}.Release|iPhoneSimulator.ActiveCfg = Release|Any CPU
		{7FFE4849-6679-4062-9A07-71F4434D2D47}.Release|iPhoneSimulator.Build.0 = Release|Any CPU
		{7FFE4849-6679-4062-9A07-71F4434D2D47}.Release|x64.ActiveCfg = Release|Any CPU
		{7FFE4849-6679-4062-9A07-71F4434D2D47}.Release|x64.Build.0 = Release|Any CPU
		{7FFE4849-6679-4062-9A07-71F4434D2D47}.Release|x86.ActiveCfg = Release|Any CPU
		{7FFE4849-6679-4062-9A07-71F4434D2D47}.Release|x86.Build.0 = Release|Any CPU
		{2033C2B9-2B2D-47E5-BDD8-17F72983B129}.Debug|Any CPU.ActiveCfg = Debug|Any CPU
		{2033C2B9-2B2D-47E5-BDD8-17F72983B129}.Debug|Any CPU.Build.0 = Debug|Any CPU
		{2033C2B9-2B2D-47E5-BDD8-17F72983B129}.Debug|Any CPU.Deploy.0 = Debug|Any CPU
		{2033C2B9-2B2D-47E5-BDD8-17F72983B129}.Debug|ARM.ActiveCfg = Debug|Any CPU
		{2033C2B9-2B2D-47E5-BDD8-17F72983B129}.Debug|ARM.Build.0 = Debug|Any CPU
		{2033C2B9-2B2D-47E5-BDD8-17F72983B129}.Debug|ARM.Deploy.0 = Debug|Any CPU
		{2033C2B9-2B2D-47E5-BDD8-17F72983B129}.Debug|iPhone.ActiveCfg = Debug|Any CPU
		{2033C2B9-2B2D-47E5-BDD8-17F72983B129}.Debug|iPhone.Build.0 = Debug|Any CPU
		{2033C2B9-2B2D-47E5-BDD8-17F72983B129}.Debug|iPhone.Deploy.0 = Debug|Any CPU
		{2033C2B9-2B2D-47E5-BDD8-17F72983B129}.Debug|iPhoneSimulator.ActiveCfg = Debug|Any CPU
		{2033C2B9-2B2D-47E5-BDD8-17F72983B129}.Debug|iPhoneSimulator.Build.0 = Debug|Any CPU
		{2033C2B9-2B2D-47E5-BDD8-17F72983B129}.Debug|iPhoneSimulator.Deploy.0 = Debug|Any CPU
		{2033C2B9-2B2D-47E5-BDD8-17F72983B129}.Debug|x64.ActiveCfg = Debug|Any CPU
		{2033C2B9-2B2D-47E5-BDD8-17F72983B129}.Debug|x64.Build.0 = Debug|Any CPU
		{2033C2B9-2B2D-47E5-BDD8-17F72983B129}.Debug|x64.Deploy.0 = Debug|Any CPU
		{2033C2B9-2B2D-47E5-BDD8-17F72983B129}.Debug|x86.ActiveCfg = Debug|Any CPU
		{2033C2B9-2B2D-47E5-BDD8-17F72983B129}.Debug|x86.Build.0 = Debug|Any CPU
		{2033C2B9-2B2D-47E5-BDD8-17F72983B129}.Debug|x86.Deploy.0 = Debug|Any CPU
		{2033C2B9-2B2D-47E5-BDD8-17F72983B129}.Release|Any CPU.ActiveCfg = Release|Any CPU
		{2033C2B9-2B2D-47E5-BDD8-17F72983B129}.Release|Any CPU.Build.0 = Release|Any CPU
		{2033C2B9-2B2D-47E5-BDD8-17F72983B129}.Release|Any CPU.Deploy.0 = Release|Any CPU
		{2033C2B9-2B2D-47E5-BDD8-17F72983B129}.Release|ARM.ActiveCfg = Release|Any CPU
		{2033C2B9-2B2D-47E5-BDD8-17F72983B129}.Release|ARM.Build.0 = Release|Any CPU
		{2033C2B9-2B2D-47E5-BDD8-17F72983B129}.Release|ARM.Deploy.0 = Release|Any CPU
		{2033C2B9-2B2D-47E5-BDD8-17F72983B129}.Release|iPhone.ActiveCfg = Release|Any CPU
		{2033C2B9-2B2D-47E5-BDD8-17F72983B129}.Release|iPhone.Build.0 = Release|Any CPU
		{2033C2B9-2B2D-47E5-BDD8-17F72983B129}.Release|iPhone.Deploy.0 = Release|Any CPU
		{2033C2B9-2B2D-47E5-BDD8-17F72983B129}.Release|iPhoneSimulator.ActiveCfg = Release|Any CPU
		{2033C2B9-2B2D-47E5-BDD8-17F72983B129}.Release|iPhoneSimulator.Build.0 = Release|Any CPU
		{2033C2B9-2B2D-47E5-BDD8-17F72983B129}.Release|iPhoneSimulator.Deploy.0 = Release|Any CPU
		{2033C2B9-2B2D-47E5-BDD8-17F72983B129}.Release|x64.ActiveCfg = Release|Any CPU
		{2033C2B9-2B2D-47E5-BDD8-17F72983B129}.Release|x64.Build.0 = Release|Any CPU
		{2033C2B9-2B2D-47E5-BDD8-17F72983B129}.Release|x64.Deploy.0 = Release|Any CPU
		{2033C2B9-2B2D-47E5-BDD8-17F72983B129}.Release|x86.ActiveCfg = Release|Any CPU
		{2033C2B9-2B2D-47E5-BDD8-17F72983B129}.Release|x86.Build.0 = Release|Any CPU
		{2033C2B9-2B2D-47E5-BDD8-17F72983B129}.Release|x86.Deploy.0 = Release|Any CPU
		{193972A2-CAEE-4EEF-836E-D1D4C173CD55}.Debug|Any CPU.ActiveCfg = Debug|Any CPU
		{193972A2-CAEE-4EEF-836E-D1D4C173CD55}.Debug|Any CPU.Build.0 = Debug|Any CPU
		{193972A2-CAEE-4EEF-836E-D1D4C173CD55}.Debug|ARM.ActiveCfg = Debug|Any CPU
		{193972A2-CAEE-4EEF-836E-D1D4C173CD55}.Debug|ARM.Build.0 = Debug|Any CPU
		{193972A2-CAEE-4EEF-836E-D1D4C173CD55}.Debug|iPhone.ActiveCfg = Debug|Any CPU
		{193972A2-CAEE-4EEF-836E-D1D4C173CD55}.Debug|iPhone.Build.0 = Debug|Any CPU
		{193972A2-CAEE-4EEF-836E-D1D4C173CD55}.Debug|iPhoneSimulator.ActiveCfg = Debug|Any CPU
		{193972A2-CAEE-4EEF-836E-D1D4C173CD55}.Debug|iPhoneSimulator.Build.0 = Debug|Any CPU
		{193972A2-CAEE-4EEF-836E-D1D4C173CD55}.Debug|x64.ActiveCfg = Debug|Any CPU
		{193972A2-CAEE-4EEF-836E-D1D4C173CD55}.Debug|x64.Build.0 = Debug|Any CPU
		{193972A2-CAEE-4EEF-836E-D1D4C173CD55}.Debug|x86.ActiveCfg = Debug|Any CPU
		{193972A2-CAEE-4EEF-836E-D1D4C173CD55}.Debug|x86.Build.0 = Debug|Any CPU
		{193972A2-CAEE-4EEF-836E-D1D4C173CD55}.Release|Any CPU.ActiveCfg = Release|Any CPU
		{193972A2-CAEE-4EEF-836E-D1D4C173CD55}.Release|Any CPU.Build.0 = Release|Any CPU
		{193972A2-CAEE-4EEF-836E-D1D4C173CD55}.Release|ARM.ActiveCfg = Release|Any CPU
		{193972A2-CAEE-4EEF-836E-D1D4C173CD55}.Release|ARM.Build.0 = Release|Any CPU
		{193972A2-CAEE-4EEF-836E-D1D4C173CD55}.Release|iPhone.ActiveCfg = Release|Any CPU
		{193972A2-CAEE-4EEF-836E-D1D4C173CD55}.Release|iPhone.Build.0 = Release|Any CPU
		{193972A2-CAEE-4EEF-836E-D1D4C173CD55}.Release|iPhoneSimulator.ActiveCfg = Release|Any CPU
		{193972A2-CAEE-4EEF-836E-D1D4C173CD55}.Release|iPhoneSimulator.Build.0 = Release|Any CPU
		{193972A2-CAEE-4EEF-836E-D1D4C173CD55}.Release|x64.ActiveCfg = Release|Any CPU
		{193972A2-CAEE-4EEF-836E-D1D4C173CD55}.Release|x64.Build.0 = Release|Any CPU
		{193972A2-CAEE-4EEF-836E-D1D4C173CD55}.Release|x86.ActiveCfg = Release|Any CPU
		{193972A2-CAEE-4EEF-836E-D1D4C173CD55}.Release|x86.Build.0 = Release|Any CPU
		{541BD1D8-6D8B-44DA-9D5E-3E9C250E1A41}.Debug|Any CPU.ActiveCfg = Debug|Any CPU
		{541BD1D8-6D8B-44DA-9D5E-3E9C250E1A41}.Debug|Any CPU.Build.0 = Debug|Any CPU
		{541BD1D8-6D8B-44DA-9D5E-3E9C250E1A41}.Debug|ARM.ActiveCfg = Debug|Any CPU
		{541BD1D8-6D8B-44DA-9D5E-3E9C250E1A41}.Debug|ARM.Build.0 = Debug|Any CPU
		{541BD1D8-6D8B-44DA-9D5E-3E9C250E1A41}.Debug|iPhone.ActiveCfg = Debug|Any CPU
		{541BD1D8-6D8B-44DA-9D5E-3E9C250E1A41}.Debug|iPhone.Build.0 = Debug|Any CPU
		{541BD1D8-6D8B-44DA-9D5E-3E9C250E1A41}.Debug|iPhoneSimulator.ActiveCfg = Debug|Any CPU
		{541BD1D8-6D8B-44DA-9D5E-3E9C250E1A41}.Debug|iPhoneSimulator.Build.0 = Debug|Any CPU
		{541BD1D8-6D8B-44DA-9D5E-3E9C250E1A41}.Debug|x64.ActiveCfg = Debug|Any CPU
		{541BD1D8-6D8B-44DA-9D5E-3E9C250E1A41}.Debug|x64.Build.0 = Debug|Any CPU
		{541BD1D8-6D8B-44DA-9D5E-3E9C250E1A41}.Debug|x86.ActiveCfg = Debug|Any CPU
		{541BD1D8-6D8B-44DA-9D5E-3E9C250E1A41}.Debug|x86.Build.0 = Debug|Any CPU
		{541BD1D8-6D8B-44DA-9D5E-3E9C250E1A41}.Release|Any CPU.ActiveCfg = Release|Any CPU
		{541BD1D8-6D8B-44DA-9D5E-3E9C250E1A41}.Release|Any CPU.Build.0 = Release|Any CPU
		{541BD1D8-6D8B-44DA-9D5E-3E9C250E1A41}.Release|ARM.ActiveCfg = Release|Any CPU
		{541BD1D8-6D8B-44DA-9D5E-3E9C250E1A41}.Release|ARM.Build.0 = Release|Any CPU
		{541BD1D8-6D8B-44DA-9D5E-3E9C250E1A41}.Release|iPhone.ActiveCfg = Release|Any CPU
		{541BD1D8-6D8B-44DA-9D5E-3E9C250E1A41}.Release|iPhone.Build.0 = Release|Any CPU
		{541BD1D8-6D8B-44DA-9D5E-3E9C250E1A41}.Release|iPhoneSimulator.ActiveCfg = Release|Any CPU
		{541BD1D8-6D8B-44DA-9D5E-3E9C250E1A41}.Release|iPhoneSimulator.Build.0 = Release|Any CPU
		{541BD1D8-6D8B-44DA-9D5E-3E9C250E1A41}.Release|x64.ActiveCfg = Release|Any CPU
		{541BD1D8-6D8B-44DA-9D5E-3E9C250E1A41}.Release|x64.Build.0 = Release|Any CPU
		{541BD1D8-6D8B-44DA-9D5E-3E9C250E1A41}.Release|x86.ActiveCfg = Release|Any CPU
		{541BD1D8-6D8B-44DA-9D5E-3E9C250E1A41}.Release|x86.Build.0 = Release|Any CPU
		{6071E46A-F075-4F24-8264-4FE4E5485FAC}.Debug|Any CPU.ActiveCfg = Debug|Any CPU
		{6071E46A-F075-4F24-8264-4FE4E5485FAC}.Debug|Any CPU.Build.0 = Debug|Any CPU
		{6071E46A-F075-4F24-8264-4FE4E5485FAC}.Debug|ARM.ActiveCfg = Debug|Any CPU
		{6071E46A-F075-4F24-8264-4FE4E5485FAC}.Debug|ARM.Build.0 = Debug|Any CPU
		{6071E46A-F075-4F24-8264-4FE4E5485FAC}.Debug|iPhone.ActiveCfg = Debug|Any CPU
		{6071E46A-F075-4F24-8264-4FE4E5485FAC}.Debug|iPhone.Build.0 = Debug|Any CPU
		{6071E46A-F075-4F24-8264-4FE4E5485FAC}.Debug|iPhoneSimulator.ActiveCfg = Debug|Any CPU
		{6071E46A-F075-4F24-8264-4FE4E5485FAC}.Debug|iPhoneSimulator.Build.0 = Debug|Any CPU
		{6071E46A-F075-4F24-8264-4FE4E5485FAC}.Debug|x64.ActiveCfg = Debug|Any CPU
		{6071E46A-F075-4F24-8264-4FE4E5485FAC}.Debug|x64.Build.0 = Debug|Any CPU
		{6071E46A-F075-4F24-8264-4FE4E5485FAC}.Debug|x86.ActiveCfg = Debug|Any CPU
		{6071E46A-F075-4F24-8264-4FE4E5485FAC}.Debug|x86.Build.0 = Debug|Any CPU
		{6071E46A-F075-4F24-8264-4FE4E5485FAC}.Release|Any CPU.ActiveCfg = Release|Any CPU
		{6071E46A-F075-4F24-8264-4FE4E5485FAC}.Release|Any CPU.Build.0 = Release|Any CPU
		{6071E46A-F075-4F24-8264-4FE4E5485FAC}.Release|ARM.ActiveCfg = Release|Any CPU
		{6071E46A-F075-4F24-8264-4FE4E5485FAC}.Release|ARM.Build.0 = Release|Any CPU
		{6071E46A-F075-4F24-8264-4FE4E5485FAC}.Release|iPhone.ActiveCfg = Release|Any CPU
		{6071E46A-F075-4F24-8264-4FE4E5485FAC}.Release|iPhone.Build.0 = Release|Any CPU
		{6071E46A-F075-4F24-8264-4FE4E5485FAC}.Release|iPhoneSimulator.ActiveCfg = Release|Any CPU
		{6071E46A-F075-4F24-8264-4FE4E5485FAC}.Release|iPhoneSimulator.Build.0 = Release|Any CPU
		{6071E46A-F075-4F24-8264-4FE4E5485FAC}.Release|x64.ActiveCfg = Release|Any CPU
		{6071E46A-F075-4F24-8264-4FE4E5485FAC}.Release|x64.Build.0 = Release|Any CPU
		{6071E46A-F075-4F24-8264-4FE4E5485FAC}.Release|x86.ActiveCfg = Release|Any CPU
		{6071E46A-F075-4F24-8264-4FE4E5485FAC}.Release|x86.Build.0 = Release|Any CPU
		{4248878F-D772-4FE5-AB1A-B2B647ADACCF}.Debug|Any CPU.ActiveCfg = Debug|Any CPU
		{4248878F-D772-4FE5-AB1A-B2B647ADACCF}.Debug|Any CPU.Build.0 = Debug|Any CPU
		{4248878F-D772-4FE5-AB1A-B2B647ADACCF}.Debug|ARM.ActiveCfg = Debug|Any CPU
		{4248878F-D772-4FE5-AB1A-B2B647ADACCF}.Debug|ARM.Build.0 = Debug|Any CPU
		{4248878F-D772-4FE5-AB1A-B2B647ADACCF}.Debug|iPhone.ActiveCfg = Debug|Any CPU
		{4248878F-D772-4FE5-AB1A-B2B647ADACCF}.Debug|iPhone.Build.0 = Debug|Any CPU
		{4248878F-D772-4FE5-AB1A-B2B647ADACCF}.Debug|iPhoneSimulator.ActiveCfg = Debug|Any CPU
		{4248878F-D772-4FE5-AB1A-B2B647ADACCF}.Debug|iPhoneSimulator.Build.0 = Debug|Any CPU
		{4248878F-D772-4FE5-AB1A-B2B647ADACCF}.Debug|x64.ActiveCfg = Debug|Any CPU
		{4248878F-D772-4FE5-AB1A-B2B647ADACCF}.Debug|x64.Build.0 = Debug|Any CPU
		{4248878F-D772-4FE5-AB1A-B2B647ADACCF}.Debug|x86.ActiveCfg = Debug|Any CPU
		{4248878F-D772-4FE5-AB1A-B2B647ADACCF}.Debug|x86.Build.0 = Debug|Any CPU
		{4248878F-D772-4FE5-AB1A-B2B647ADACCF}.Release|Any CPU.ActiveCfg = Release|Any CPU
		{4248878F-D772-4FE5-AB1A-B2B647ADACCF}.Release|Any CPU.Build.0 = Release|Any CPU
		{4248878F-D772-4FE5-AB1A-B2B647ADACCF}.Release|ARM.ActiveCfg = Release|Any CPU
		{4248878F-D772-4FE5-AB1A-B2B647ADACCF}.Release|ARM.Build.0 = Release|Any CPU
		{4248878F-D772-4FE5-AB1A-B2B647ADACCF}.Release|iPhone.ActiveCfg = Release|Any CPU
		{4248878F-D772-4FE5-AB1A-B2B647ADACCF}.Release|iPhone.Build.0 = Release|Any CPU
		{4248878F-D772-4FE5-AB1A-B2B647ADACCF}.Release|iPhoneSimulator.ActiveCfg = Release|Any CPU
		{4248878F-D772-4FE5-AB1A-B2B647ADACCF}.Release|iPhoneSimulator.Build.0 = Release|Any CPU
		{4248878F-D772-4FE5-AB1A-B2B647ADACCF}.Release|x64.ActiveCfg = Release|Any CPU
		{4248878F-D772-4FE5-AB1A-B2B647ADACCF}.Release|x64.Build.0 = Release|Any CPU
		{4248878F-D772-4FE5-AB1A-B2B647ADACCF}.Release|x86.ActiveCfg = Release|Any CPU
		{4248878F-D772-4FE5-AB1A-B2B647ADACCF}.Release|x86.Build.0 = Release|Any CPU
		{37116CE3-2A83-4BAF-9CFF-FC3532D331D0}.Debug|Any CPU.ActiveCfg = Debug|Any CPU
		{37116CE3-2A83-4BAF-9CFF-FC3532D331D0}.Debug|Any CPU.Build.0 = Debug|Any CPU
		{37116CE3-2A83-4BAF-9CFF-FC3532D331D0}.Debug|ARM.ActiveCfg = Debug|Any CPU
		{37116CE3-2A83-4BAF-9CFF-FC3532D331D0}.Debug|ARM.Build.0 = Debug|Any CPU
		{37116CE3-2A83-4BAF-9CFF-FC3532D331D0}.Debug|iPhone.ActiveCfg = Debug|Any CPU
		{37116CE3-2A83-4BAF-9CFF-FC3532D331D0}.Debug|iPhone.Build.0 = Debug|Any CPU
		{37116CE3-2A83-4BAF-9CFF-FC3532D331D0}.Debug|iPhoneSimulator.ActiveCfg = Debug|Any CPU
		{37116CE3-2A83-4BAF-9CFF-FC3532D331D0}.Debug|iPhoneSimulator.Build.0 = Debug|Any CPU
		{37116CE3-2A83-4BAF-9CFF-FC3532D331D0}.Debug|x64.ActiveCfg = Debug|Any CPU
		{37116CE3-2A83-4BAF-9CFF-FC3532D331D0}.Debug|x64.Build.0 = Debug|Any CPU
		{37116CE3-2A83-4BAF-9CFF-FC3532D331D0}.Debug|x86.ActiveCfg = Debug|Any CPU
		{37116CE3-2A83-4BAF-9CFF-FC3532D331D0}.Debug|x86.Build.0 = Debug|Any CPU
		{37116CE3-2A83-4BAF-9CFF-FC3532D331D0}.Release|Any CPU.ActiveCfg = Release|Any CPU
		{37116CE3-2A83-4BAF-9CFF-FC3532D331D0}.Release|Any CPU.Build.0 = Release|Any CPU
		{37116CE3-2A83-4BAF-9CFF-FC3532D331D0}.Release|ARM.ActiveCfg = Release|Any CPU
		{37116CE3-2A83-4BAF-9CFF-FC3532D331D0}.Release|ARM.Build.0 = Release|Any CPU
		{37116CE3-2A83-4BAF-9CFF-FC3532D331D0}.Release|iPhone.ActiveCfg = Release|Any CPU
		{37116CE3-2A83-4BAF-9CFF-FC3532D331D0}.Release|iPhone.Build.0 = Release|Any CPU
		{37116CE3-2A83-4BAF-9CFF-FC3532D331D0}.Release|iPhoneSimulator.ActiveCfg = Release|Any CPU
		{37116CE3-2A83-4BAF-9CFF-FC3532D331D0}.Release|iPhoneSimulator.Build.0 = Release|Any CPU
		{37116CE3-2A83-4BAF-9CFF-FC3532D331D0}.Release|x64.ActiveCfg = Release|Any CPU
		{37116CE3-2A83-4BAF-9CFF-FC3532D331D0}.Release|x64.Build.0 = Release|Any CPU
		{37116CE3-2A83-4BAF-9CFF-FC3532D331D0}.Release|x86.ActiveCfg = Release|Any CPU
		{37116CE3-2A83-4BAF-9CFF-FC3532D331D0}.Release|x86.Build.0 = Release|Any CPU
		{962FCB60-F395-4612-AAAA-17E6DDF73508}.Debug|Any CPU.ActiveCfg = Debug|Any CPU
		{962FCB60-F395-4612-AAAA-17E6DDF73508}.Debug|Any CPU.Build.0 = Debug|Any CPU
		{962FCB60-F395-4612-AAAA-17E6DDF73508}.Debug|ARM.ActiveCfg = Debug|Any CPU
		{962FCB60-F395-4612-AAAA-17E6DDF73508}.Debug|ARM.Build.0 = Debug|Any CPU
		{962FCB60-F395-4612-AAAA-17E6DDF73508}.Debug|iPhone.ActiveCfg = Debug|Any CPU
		{962FCB60-F395-4612-AAAA-17E6DDF73508}.Debug|iPhone.Build.0 = Debug|Any CPU
		{962FCB60-F395-4612-AAAA-17E6DDF73508}.Debug|iPhoneSimulator.ActiveCfg = Debug|Any CPU
		{962FCB60-F395-4612-AAAA-17E6DDF73508}.Debug|iPhoneSimulator.Build.0 = Debug|Any CPU
		{962FCB60-F395-4612-AAAA-17E6DDF73508}.Debug|x64.ActiveCfg = Debug|Any CPU
		{962FCB60-F395-4612-AAAA-17E6DDF73508}.Debug|x64.Build.0 = Debug|Any CPU
		{962FCB60-F395-4612-AAAA-17E6DDF73508}.Debug|x86.ActiveCfg = Debug|Any CPU
		{962FCB60-F395-4612-AAAA-17E6DDF73508}.Debug|x86.Build.0 = Debug|Any CPU
		{962FCB60-F395-4612-AAAA-17E6DDF73508}.Release|Any CPU.ActiveCfg = Release|Any CPU
		{962FCB60-F395-4612-AAAA-17E6DDF73508}.Release|Any CPU.Build.0 = Release|Any CPU
		{962FCB60-F395-4612-AAAA-17E6DDF73508}.Release|ARM.ActiveCfg = Release|Any CPU
		{962FCB60-F395-4612-AAAA-17E6DDF73508}.Release|ARM.Build.0 = Release|Any CPU
		{962FCB60-F395-4612-AAAA-17E6DDF73508}.Release|iPhone.ActiveCfg = Release|Any CPU
		{962FCB60-F395-4612-AAAA-17E6DDF73508}.Release|iPhone.Build.0 = Release|Any CPU
		{962FCB60-F395-4612-AAAA-17E6DDF73508}.Release|iPhoneSimulator.ActiveCfg = Release|Any CPU
		{962FCB60-F395-4612-AAAA-17E6DDF73508}.Release|iPhoneSimulator.Build.0 = Release|Any CPU
		{962FCB60-F395-4612-AAAA-17E6DDF73508}.Release|x64.ActiveCfg = Release|Any CPU
		{962FCB60-F395-4612-AAAA-17E6DDF73508}.Release|x64.Build.0 = Release|Any CPU
		{962FCB60-F395-4612-AAAA-17E6DDF73508}.Release|x86.ActiveCfg = Release|Any CPU
		{962FCB60-F395-4612-AAAA-17E6DDF73508}.Release|x86.Build.0 = Release|Any CPU
		{033144B7-21D2-4451-B8CC-43CDC3A06BE7}.Debug|Any CPU.ActiveCfg = Debug|Any CPU
		{033144B7-21D2-4451-B8CC-43CDC3A06BE7}.Debug|Any CPU.Build.0 = Debug|Any CPU
		{033144B7-21D2-4451-B8CC-43CDC3A06BE7}.Debug|ARM.ActiveCfg = Debug|Any CPU
		{033144B7-21D2-4451-B8CC-43CDC3A06BE7}.Debug|ARM.Build.0 = Debug|Any CPU
		{033144B7-21D2-4451-B8CC-43CDC3A06BE7}.Debug|iPhone.ActiveCfg = Debug|Any CPU
		{033144B7-21D2-4451-B8CC-43CDC3A06BE7}.Debug|iPhone.Build.0 = Debug|Any CPU
		{033144B7-21D2-4451-B8CC-43CDC3A06BE7}.Debug|iPhoneSimulator.ActiveCfg = Debug|Any CPU
		{033144B7-21D2-4451-B8CC-43CDC3A06BE7}.Debug|iPhoneSimulator.Build.0 = Debug|Any CPU
		{033144B7-21D2-4451-B8CC-43CDC3A06BE7}.Debug|x64.ActiveCfg = Debug|Any CPU
		{033144B7-21D2-4451-B8CC-43CDC3A06BE7}.Debug|x64.Build.0 = Debug|Any CPU
		{033144B7-21D2-4451-B8CC-43CDC3A06BE7}.Debug|x86.ActiveCfg = Debug|Any CPU
		{033144B7-21D2-4451-B8CC-43CDC3A06BE7}.Debug|x86.Build.0 = Debug|Any CPU
		{033144B7-21D2-4451-B8CC-43CDC3A06BE7}.Release|Any CPU.ActiveCfg = Release|Any CPU
		{033144B7-21D2-4451-B8CC-43CDC3A06BE7}.Release|Any CPU.Build.0 = Release|Any CPU
		{033144B7-21D2-4451-B8CC-43CDC3A06BE7}.Release|ARM.ActiveCfg = Release|Any CPU
		{033144B7-21D2-4451-B8CC-43CDC3A06BE7}.Release|ARM.Build.0 = Release|Any CPU
		{033144B7-21D2-4451-B8CC-43CDC3A06BE7}.Release|iPhone.ActiveCfg = Release|Any CPU
		{033144B7-21D2-4451-B8CC-43CDC3A06BE7}.Release|iPhone.Build.0 = Release|Any CPU
		{033144B7-21D2-4451-B8CC-43CDC3A06BE7}.Release|iPhoneSimulator.ActiveCfg = Release|Any CPU
		{033144B7-21D2-4451-B8CC-43CDC3A06BE7}.Release|iPhoneSimulator.Build.0 = Release|Any CPU
		{033144B7-21D2-4451-B8CC-43CDC3A06BE7}.Release|x64.ActiveCfg = Release|Any CPU
		{033144B7-21D2-4451-B8CC-43CDC3A06BE7}.Release|x64.Build.0 = Release|Any CPU
		{033144B7-21D2-4451-B8CC-43CDC3A06BE7}.Release|x86.ActiveCfg = Release|Any CPU
		{033144B7-21D2-4451-B8CC-43CDC3A06BE7}.Release|x86.Build.0 = Release|Any CPU
		{9DDC8A12-C272-4B86-8544-5E09743C2255}.Debug|Any CPU.ActiveCfg = Debug|Any CPU
		{9DDC8A12-C272-4B86-8544-5E09743C2255}.Debug|Any CPU.Build.0 = Debug|Any CPU
		{9DDC8A12-C272-4B86-8544-5E09743C2255}.Debug|ARM.ActiveCfg = Debug|Any CPU
		{9DDC8A12-C272-4B86-8544-5E09743C2255}.Debug|ARM.Build.0 = Debug|Any CPU
		{9DDC8A12-C272-4B86-8544-5E09743C2255}.Debug|iPhone.ActiveCfg = Debug|Any CPU
		{9DDC8A12-C272-4B86-8544-5E09743C2255}.Debug|iPhone.Build.0 = Debug|Any CPU
		{9DDC8A12-C272-4B86-8544-5E09743C2255}.Debug|iPhoneSimulator.ActiveCfg = Debug|Any CPU
		{9DDC8A12-C272-4B86-8544-5E09743C2255}.Debug|iPhoneSimulator.Build.0 = Debug|Any CPU
		{9DDC8A12-C272-4B86-8544-5E09743C2255}.Debug|x64.ActiveCfg = Debug|Any CPU
		{9DDC8A12-C272-4B86-8544-5E09743C2255}.Debug|x64.Build.0 = Debug|Any CPU
		{9DDC8A12-C272-4B86-8544-5E09743C2255}.Debug|x86.ActiveCfg = Debug|Any CPU
		{9DDC8A12-C272-4B86-8544-5E09743C2255}.Debug|x86.Build.0 = Debug|Any CPU
		{9DDC8A12-C272-4B86-8544-5E09743C2255}.Release|Any CPU.ActiveCfg = Release|Any CPU
		{9DDC8A12-C272-4B86-8544-5E09743C2255}.Release|Any CPU.Build.0 = Release|Any CPU
		{9DDC8A12-C272-4B86-8544-5E09743C2255}.Release|ARM.ActiveCfg = Release|Any CPU
		{9DDC8A12-C272-4B86-8544-5E09743C2255}.Release|ARM.Build.0 = Release|Any CPU
		{9DDC8A12-C272-4B86-8544-5E09743C2255}.Release|iPhone.ActiveCfg = Release|Any CPU
		{9DDC8A12-C272-4B86-8544-5E09743C2255}.Release|iPhone.Build.0 = Release|Any CPU
		{9DDC8A12-C272-4B86-8544-5E09743C2255}.Release|iPhoneSimulator.ActiveCfg = Release|Any CPU
		{9DDC8A12-C272-4B86-8544-5E09743C2255}.Release|iPhoneSimulator.Build.0 = Release|Any CPU
		{9DDC8A12-C272-4B86-8544-5E09743C2255}.Release|x64.ActiveCfg = Release|Any CPU
		{9DDC8A12-C272-4B86-8544-5E09743C2255}.Release|x64.Build.0 = Release|Any CPU
		{9DDC8A12-C272-4B86-8544-5E09743C2255}.Release|x86.ActiveCfg = Release|Any CPU
		{9DDC8A12-C272-4B86-8544-5E09743C2255}.Release|x86.Build.0 = Release|Any CPU
		{5DEEB9D6-8E7A-4B72-9E08-1368B73E3A49}.Debug|Any CPU.ActiveCfg = Debug|Any CPU
		{5DEEB9D6-8E7A-4B72-9E08-1368B73E3A49}.Debug|Any CPU.Build.0 = Debug|Any CPU
		{5DEEB9D6-8E7A-4B72-9E08-1368B73E3A49}.Debug|ARM.ActiveCfg = Debug|Any CPU
		{5DEEB9D6-8E7A-4B72-9E08-1368B73E3A49}.Debug|ARM.Build.0 = Debug|Any CPU
		{5DEEB9D6-8E7A-4B72-9E08-1368B73E3A49}.Debug|iPhone.ActiveCfg = Debug|Any CPU
		{5DEEB9D6-8E7A-4B72-9E08-1368B73E3A49}.Debug|iPhone.Build.0 = Debug|Any CPU
		{5DEEB9D6-8E7A-4B72-9E08-1368B73E3A49}.Debug|iPhoneSimulator.ActiveCfg = Debug|Any CPU
		{5DEEB9D6-8E7A-4B72-9E08-1368B73E3A49}.Debug|iPhoneSimulator.Build.0 = Debug|Any CPU
		{5DEEB9D6-8E7A-4B72-9E08-1368B73E3A49}.Debug|x64.ActiveCfg = Debug|Any CPU
		{5DEEB9D6-8E7A-4B72-9E08-1368B73E3A49}.Debug|x64.Build.0 = Debug|Any CPU
		{5DEEB9D6-8E7A-4B72-9E08-1368B73E3A49}.Debug|x86.ActiveCfg = Debug|Any CPU
		{5DEEB9D6-8E7A-4B72-9E08-1368B73E3A49}.Debug|x86.Build.0 = Debug|Any CPU
		{5DEEB9D6-8E7A-4B72-9E08-1368B73E3A49}.Release|Any CPU.ActiveCfg = Release|Any CPU
		{5DEEB9D6-8E7A-4B72-9E08-1368B73E3A49}.Release|Any CPU.Build.0 = Release|Any CPU
		{5DEEB9D6-8E7A-4B72-9E08-1368B73E3A49}.Release|ARM.ActiveCfg = Release|Any CPU
		{5DEEB9D6-8E7A-4B72-9E08-1368B73E3A49}.Release|ARM.Build.0 = Release|Any CPU
		{5DEEB9D6-8E7A-4B72-9E08-1368B73E3A49}.Release|iPhone.ActiveCfg = Release|Any CPU
		{5DEEB9D6-8E7A-4B72-9E08-1368B73E3A49}.Release|iPhone.Build.0 = Release|Any CPU
		{5DEEB9D6-8E7A-4B72-9E08-1368B73E3A49}.Release|iPhoneSimulator.ActiveCfg = Release|Any CPU
		{5DEEB9D6-8E7A-4B72-9E08-1368B73E3A49}.Release|iPhoneSimulator.Build.0 = Release|Any CPU
		{5DEEB9D6-8E7A-4B72-9E08-1368B73E3A49}.Release|x64.ActiveCfg = Release|Any CPU
		{5DEEB9D6-8E7A-4B72-9E08-1368B73E3A49}.Release|x64.Build.0 = Release|Any CPU
		{5DEEB9D6-8E7A-4B72-9E08-1368B73E3A49}.Release|x86.ActiveCfg = Release|Any CPU
		{5DEEB9D6-8E7A-4B72-9E08-1368B73E3A49}.Release|x86.Build.0 = Release|Any CPU
		{13BED709-B870-45E1-925A-4C5FD9A5B946}.Debug|Any CPU.ActiveCfg = Debug|Any CPU
		{13BED709-B870-45E1-925A-4C5FD9A5B946}.Debug|Any CPU.Build.0 = Debug|Any CPU
		{13BED709-B870-45E1-925A-4C5FD9A5B946}.Debug|ARM.ActiveCfg = Debug|Any CPU
		{13BED709-B870-45E1-925A-4C5FD9A5B946}.Debug|ARM.Build.0 = Debug|Any CPU
		{13BED709-B870-45E1-925A-4C5FD9A5B946}.Debug|iPhone.ActiveCfg = Debug|Any CPU
		{13BED709-B870-45E1-925A-4C5FD9A5B946}.Debug|iPhone.Build.0 = Debug|Any CPU
		{13BED709-B870-45E1-925A-4C5FD9A5B946}.Debug|iPhoneSimulator.ActiveCfg = Debug|Any CPU
		{13BED709-B870-45E1-925A-4C5FD9A5B946}.Debug|iPhoneSimulator.Build.0 = Debug|Any CPU
		{13BED709-B870-45E1-925A-4C5FD9A5B946}.Debug|x64.ActiveCfg = Debug|Any CPU
		{13BED709-B870-45E1-925A-4C5FD9A5B946}.Debug|x64.Build.0 = Debug|Any CPU
		{13BED709-B870-45E1-925A-4C5FD9A5B946}.Debug|x86.ActiveCfg = Debug|Any CPU
		{13BED709-B870-45E1-925A-4C5FD9A5B946}.Debug|x86.Build.0 = Debug|Any CPU
		{13BED709-B870-45E1-925A-4C5FD9A5B946}.Release|Any CPU.ActiveCfg = Release|Any CPU
		{13BED709-B870-45E1-925A-4C5FD9A5B946}.Release|Any CPU.Build.0 = Release|Any CPU
		{13BED709-B870-45E1-925A-4C5FD9A5B946}.Release|ARM.ActiveCfg = Release|Any CPU
		{13BED709-B870-45E1-925A-4C5FD9A5B946}.Release|ARM.Build.0 = Release|Any CPU
		{13BED709-B870-45E1-925A-4C5FD9A5B946}.Release|iPhone.ActiveCfg = Release|Any CPU
		{13BED709-B870-45E1-925A-4C5FD9A5B946}.Release|iPhone.Build.0 = Release|Any CPU
		{13BED709-B870-45E1-925A-4C5FD9A5B946}.Release|iPhoneSimulator.ActiveCfg = Release|Any CPU
		{13BED709-B870-45E1-925A-4C5FD9A5B946}.Release|iPhoneSimulator.Build.0 = Release|Any CPU
		{13BED709-B870-45E1-925A-4C5FD9A5B946}.Release|x64.ActiveCfg = Release|Any CPU
		{13BED709-B870-45E1-925A-4C5FD9A5B946}.Release|x64.Build.0 = Release|Any CPU
		{13BED709-B870-45E1-925A-4C5FD9A5B946}.Release|x86.ActiveCfg = Release|Any CPU
		{13BED709-B870-45E1-925A-4C5FD9A5B946}.Release|x86.Build.0 = Release|Any CPU
		{2D18DE1F-EFC4-43E7-A566-44E82EDE67C0}.Debug|Any CPU.ActiveCfg = Debug|Any CPU
		{2D18DE1F-EFC4-43E7-A566-44E82EDE67C0}.Debug|Any CPU.Build.0 = Debug|Any CPU
		{2D18DE1F-EFC4-43E7-A566-44E82EDE67C0}.Debug|ARM.ActiveCfg = Debug|Any CPU
		{2D18DE1F-EFC4-43E7-A566-44E82EDE67C0}.Debug|ARM.Build.0 = Debug|Any CPU
		{2D18DE1F-EFC4-43E7-A566-44E82EDE67C0}.Debug|iPhone.ActiveCfg = Debug|Any CPU
		{2D18DE1F-EFC4-43E7-A566-44E82EDE67C0}.Debug|iPhone.Build.0 = Debug|Any CPU
		{2D18DE1F-EFC4-43E7-A566-44E82EDE67C0}.Debug|iPhoneSimulator.ActiveCfg = Debug|Any CPU
		{2D18DE1F-EFC4-43E7-A566-44E82EDE67C0}.Debug|iPhoneSimulator.Build.0 = Debug|Any CPU
		{2D18DE1F-EFC4-43E7-A566-44E82EDE67C0}.Debug|x64.ActiveCfg = Debug|Any CPU
		{2D18DE1F-EFC4-43E7-A566-44E82EDE67C0}.Debug|x64.Build.0 = Debug|Any CPU
		{2D18DE1F-EFC4-43E7-A566-44E82EDE67C0}.Debug|x86.ActiveCfg = Debug|Any CPU
		{2D18DE1F-EFC4-43E7-A566-44E82EDE67C0}.Debug|x86.Build.0 = Debug|Any CPU
		{2D18DE1F-EFC4-43E7-A566-44E82EDE67C0}.Release|Any CPU.ActiveCfg = Release|Any CPU
		{2D18DE1F-EFC4-43E7-A566-44E82EDE67C0}.Release|Any CPU.Build.0 = Release|Any CPU
		{2D18DE1F-EFC4-43E7-A566-44E82EDE67C0}.Release|ARM.ActiveCfg = Release|Any CPU
		{2D18DE1F-EFC4-43E7-A566-44E82EDE67C0}.Release|ARM.Build.0 = Release|Any CPU
		{2D18DE1F-EFC4-43E7-A566-44E82EDE67C0}.Release|iPhone.ActiveCfg = Release|Any CPU
		{2D18DE1F-EFC4-43E7-A566-44E82EDE67C0}.Release|iPhone.Build.0 = Release|Any CPU
		{2D18DE1F-EFC4-43E7-A566-44E82EDE67C0}.Release|iPhoneSimulator.ActiveCfg = Release|Any CPU
		{2D18DE1F-EFC4-43E7-A566-44E82EDE67C0}.Release|iPhoneSimulator.Build.0 = Release|Any CPU
		{2D18DE1F-EFC4-43E7-A566-44E82EDE67C0}.Release|x64.ActiveCfg = Release|Any CPU
		{2D18DE1F-EFC4-43E7-A566-44E82EDE67C0}.Release|x64.Build.0 = Release|Any CPU
		{2D18DE1F-EFC4-43E7-A566-44E82EDE67C0}.Release|x86.ActiveCfg = Release|Any CPU
		{2D18DE1F-EFC4-43E7-A566-44E82EDE67C0}.Release|x86.Build.0 = Release|Any CPU
		{46F2EDE4-2ED1-4C4E-B4E9-432B2BBE7A91}.Debug|Any CPU.ActiveCfg = Debug|x86
		{46F2EDE4-2ED1-4C4E-B4E9-432B2BBE7A91}.Debug|ARM.ActiveCfg = Debug|ARM
		{46F2EDE4-2ED1-4C4E-B4E9-432B2BBE7A91}.Debug|ARM.Build.0 = Debug|ARM
		{46F2EDE4-2ED1-4C4E-B4E9-432B2BBE7A91}.Debug|ARM.Deploy.0 = Debug|ARM
		{46F2EDE4-2ED1-4C4E-B4E9-432B2BBE7A91}.Debug|iPhone.ActiveCfg = Debug|x86
		{46F2EDE4-2ED1-4C4E-B4E9-432B2BBE7A91}.Debug|iPhoneSimulator.ActiveCfg = Debug|x86
		{46F2EDE4-2ED1-4C4E-B4E9-432B2BBE7A91}.Debug|x64.ActiveCfg = Debug|x64
		{46F2EDE4-2ED1-4C4E-B4E9-432B2BBE7A91}.Debug|x64.Build.0 = Debug|x64
		{46F2EDE4-2ED1-4C4E-B4E9-432B2BBE7A91}.Debug|x64.Deploy.0 = Debug|x64
		{46F2EDE4-2ED1-4C4E-B4E9-432B2BBE7A91}.Debug|x86.ActiveCfg = Debug|x86
		{46F2EDE4-2ED1-4C4E-B4E9-432B2BBE7A91}.Debug|x86.Build.0 = Debug|x86
		{46F2EDE4-2ED1-4C4E-B4E9-432B2BBE7A91}.Debug|x86.Deploy.0 = Debug|x86
		{46F2EDE4-2ED1-4C4E-B4E9-432B2BBE7A91}.Release|Any CPU.ActiveCfg = Release|x86
		{46F2EDE4-2ED1-4C4E-B4E9-432B2BBE7A91}.Release|ARM.ActiveCfg = Release|ARM
		{46F2EDE4-2ED1-4C4E-B4E9-432B2BBE7A91}.Release|ARM.Build.0 = Release|ARM
		{46F2EDE4-2ED1-4C4E-B4E9-432B2BBE7A91}.Release|ARM.Deploy.0 = Release|ARM
		{46F2EDE4-2ED1-4C4E-B4E9-432B2BBE7A91}.Release|iPhone.ActiveCfg = Release|x86
		{46F2EDE4-2ED1-4C4E-B4E9-432B2BBE7A91}.Release|iPhoneSimulator.ActiveCfg = Release|x86
		{46F2EDE4-2ED1-4C4E-B4E9-432B2BBE7A91}.Release|x64.ActiveCfg = Release|x64
		{46F2EDE4-2ED1-4C4E-B4E9-432B2BBE7A91}.Release|x64.Build.0 = Release|x64
		{46F2EDE4-2ED1-4C4E-B4E9-432B2BBE7A91}.Release|x64.Deploy.0 = Release|x64
		{46F2EDE4-2ED1-4C4E-B4E9-432B2BBE7A91}.Release|x86.ActiveCfg = Release|x86
		{46F2EDE4-2ED1-4C4E-B4E9-432B2BBE7A91}.Release|x86.Build.0 = Release|x86
		{46F2EDE4-2ED1-4C4E-B4E9-432B2BBE7A91}.Release|x86.Deploy.0 = Release|x86
		{E669EF46-E3C6-46DB-8FBD-329C93785C9F}.Debug|Any CPU.ActiveCfg = Debug|x86
		{E669EF46-E3C6-46DB-8FBD-329C93785C9F}.Debug|ARM.ActiveCfg = Debug|x86
		{E669EF46-E3C6-46DB-8FBD-329C93785C9F}.Debug|iPhone.ActiveCfg = Debug|x86
		{E669EF46-E3C6-46DB-8FBD-329C93785C9F}.Debug|iPhoneSimulator.ActiveCfg = Debug|x86
		{E669EF46-E3C6-46DB-8FBD-329C93785C9F}.Debug|x64.ActiveCfg = Debug|x86
		{E669EF46-E3C6-46DB-8FBD-329C93785C9F}.Debug|x86.ActiveCfg = Debug|x86
		{E669EF46-E3C6-46DB-8FBD-329C93785C9F}.Debug|x86.Build.0 = Debug|x86
		{E669EF46-E3C6-46DB-8FBD-329C93785C9F}.Release|Any CPU.ActiveCfg = Release|x86
		{E669EF46-E3C6-46DB-8FBD-329C93785C9F}.Release|ARM.ActiveCfg = Release|x86
		{E669EF46-E3C6-46DB-8FBD-329C93785C9F}.Release|iPhone.ActiveCfg = Release|x86
		{E669EF46-E3C6-46DB-8FBD-329C93785C9F}.Release|iPhoneSimulator.ActiveCfg = Release|x86
		{E669EF46-E3C6-46DB-8FBD-329C93785C9F}.Release|x64.ActiveCfg = Release|x86
		{E669EF46-E3C6-46DB-8FBD-329C93785C9F}.Release|x86.ActiveCfg = Release|x86
		{E669EF46-E3C6-46DB-8FBD-329C93785C9F}.Release|x86.Build.0 = Release|x86
		{00604559-81C4-4D7E-A23B-0B47EBECA2AB}.Debug|Any CPU.ActiveCfg = Debug|Any CPU
		{00604559-81C4-4D7E-A23B-0B47EBECA2AB}.Debug|Any CPU.Build.0 = Debug|Any CPU
		{00604559-81C4-4D7E-A23B-0B47EBECA2AB}.Debug|ARM.ActiveCfg = Debug|Any CPU
		{00604559-81C4-4D7E-A23B-0B47EBECA2AB}.Debug|ARM.Build.0 = Debug|Any CPU
		{00604559-81C4-4D7E-A23B-0B47EBECA2AB}.Debug|iPhone.ActiveCfg = Debug|Any CPU
		{00604559-81C4-4D7E-A23B-0B47EBECA2AB}.Debug|iPhone.Build.0 = Debug|Any CPU
		{00604559-81C4-4D7E-A23B-0B47EBECA2AB}.Debug|iPhoneSimulator.ActiveCfg = Debug|Any CPU
		{00604559-81C4-4D7E-A23B-0B47EBECA2AB}.Debug|iPhoneSimulator.Build.0 = Debug|Any CPU
		{00604559-81C4-4D7E-A23B-0B47EBECA2AB}.Debug|x64.ActiveCfg = Debug|Any CPU
		{00604559-81C4-4D7E-A23B-0B47EBECA2AB}.Debug|x64.Build.0 = Debug|Any CPU
		{00604559-81C4-4D7E-A23B-0B47EBECA2AB}.Debug|x86.ActiveCfg = Debug|Any CPU
		{00604559-81C4-4D7E-A23B-0B47EBECA2AB}.Debug|x86.Build.0 = Debug|Any CPU
		{00604559-81C4-4D7E-A23B-0B47EBECA2AB}.Release|Any CPU.ActiveCfg = Release|Any CPU
		{00604559-81C4-4D7E-A23B-0B47EBECA2AB}.Release|Any CPU.Build.0 = Release|Any CPU
		{00604559-81C4-4D7E-A23B-0B47EBECA2AB}.Release|ARM.ActiveCfg = Release|Any CPU
		{00604559-81C4-4D7E-A23B-0B47EBECA2AB}.Release|ARM.Build.0 = Release|Any CPU
		{00604559-81C4-4D7E-A23B-0B47EBECA2AB}.Release|iPhone.ActiveCfg = Release|Any CPU
		{00604559-81C4-4D7E-A23B-0B47EBECA2AB}.Release|iPhone.Build.0 = Release|Any CPU
		{00604559-81C4-4D7E-A23B-0B47EBECA2AB}.Release|iPhoneSimulator.ActiveCfg = Release|Any CPU
		{00604559-81C4-4D7E-A23B-0B47EBECA2AB}.Release|iPhoneSimulator.Build.0 = Release|Any CPU
		{00604559-81C4-4D7E-A23B-0B47EBECA2AB}.Release|x64.ActiveCfg = Release|Any CPU
		{00604559-81C4-4D7E-A23B-0B47EBECA2AB}.Release|x64.Build.0 = Release|Any CPU
		{00604559-81C4-4D7E-A23B-0B47EBECA2AB}.Release|x86.ActiveCfg = Release|Any CPU
		{00604559-81C4-4D7E-A23B-0B47EBECA2AB}.Release|x86.Build.0 = Release|Any CPU
	EndGlobalSection
	GlobalSection(SolutionProperties) = preSolution
		HideSolutionNode = FALSE
	EndGlobalSection
	GlobalSection(NestedProjects) = preSolution
		{803B1AAD-B2C6-4B04-814A-8DE24FC660BF} = {39CDED98-489B-4871-9E65-4E10050D6553}
		{C67AD2A9-F2D4-4A59-8785-525CE42B5167} = {39CDED98-489B-4871-9E65-4E10050D6553}
		{93500A8D-C2D6-4B31-B863-0500D0AD408D} = {39CDED98-489B-4871-9E65-4E10050D6553}
		{35843D85-83B7-4A5D-85C3-43ED8B5F8967} = {39CDED98-489B-4871-9E65-4E10050D6553}
		{8F1AEAD1-CD2E-4EB2-836D-AE756FD7710A} = {93500A8D-C2D6-4B31-B863-0500D0AD408D}
		{8095F2FF-137A-49BC-B3F0-DF2494CC93B5} = {93500A8D-C2D6-4B31-B863-0500D0AD408D}
		{96F662A8-A724-495F-9D3A-6C23BCF07769} = {93500A8D-C2D6-4B31-B863-0500D0AD408D}
		{A0E9284B-B8EE-4A26-A98D-33C26D29CAAD} = {93500A8D-C2D6-4B31-B863-0500D0AD408D}
		{7FFE4849-6679-4062-9A07-71F4434D2D47} = {C67AD2A9-F2D4-4A59-8785-525CE42B5167}
		{2033C2B9-2B2D-47E5-BDD8-17F72983B129} = {C67AD2A9-F2D4-4A59-8785-525CE42B5167}
		{474EA4FF-C97A-4403-8DFF-873C70620EFE} = {C67AD2A9-F2D4-4A59-8785-525CE42B5167}
		{193972A2-CAEE-4EEF-836E-D1D4C173CD55} = {2DA73FE6-FF38-46D8-84D6-B5B7A62D9896}
		{541BD1D8-6D8B-44DA-9D5E-3E9C250E1A41} = {2DA73FE6-FF38-46D8-84D6-B5B7A62D9896}
		{6071E46A-F075-4F24-8264-4FE4E5485FAC} = {2DA73FE6-FF38-46D8-84D6-B5B7A62D9896}
		{4248878F-D772-4FE5-AB1A-B2B647ADACCF} = {2DA73FE6-FF38-46D8-84D6-B5B7A62D9896}
		{2DA73FE6-FF38-46D8-84D6-B5B7A62D9896} = {474EA4FF-C97A-4403-8DFF-873C70620EFE}
		{12A7420F-F3B5-43E1-B30F-9180A96B23DC} = {474EA4FF-C97A-4403-8DFF-873C70620EFE}
		{37116CE3-2A83-4BAF-9CFF-FC3532D331D0} = {474EA4FF-C97A-4403-8DFF-873C70620EFE}
		{962FCB60-F395-4612-AAAA-17E6DDF73508} = {12A7420F-F3B5-43E1-B30F-9180A96B23DC}
		{033144B7-21D2-4451-B8CC-43CDC3A06BE7} = {12A7420F-F3B5-43E1-B30F-9180A96B23DC}
		{9DDC8A12-C272-4B86-8544-5E09743C2255} = {12A7420F-F3B5-43E1-B30F-9180A96B23DC}
		{5DEEB9D6-8E7A-4B72-9E08-1368B73E3A49} = {12A7420F-F3B5-43E1-B30F-9180A96B23DC}
		{13BED709-B870-45E1-925A-4C5FD9A5B946} = {35843D85-83B7-4A5D-85C3-43ED8B5F8967}
		{2D18DE1F-EFC4-43E7-A566-44E82EDE67C0} = {803B1AAD-B2C6-4B04-814A-8DE24FC660BF}
		{46F2EDE4-2ED1-4C4E-B4E9-432B2BBE7A91} = {803B1AAD-B2C6-4B04-814A-8DE24FC660BF}
		{E669EF46-E3C6-46DB-8FBD-329C93785C9F} = {93500A8D-C2D6-4B31-B863-0500D0AD408D}
		{00604559-81C4-4D7E-A23B-0B47EBECA2AB} = {474EA4FF-C97A-4403-8DFF-873C70620EFE}
	EndGlobalSection
	GlobalSection(ExtensibilityGlobals) = postSolution
		SolutionGuid = {77211670-F630-4744-BD1A-C206B60C551E}
	EndGlobalSection
EndGlobal
