
Microsoft Visual Studio Solution File, Format Version 12.00
# Visual Studio 15
VisualStudioVersion = 15.0.28010.2050
MinimumVisualStudioVersion = 10.0.40219.1
Project("{9A19103F-16F7-4668-BE54-9A1E7A4F7556}") = "CodeHubX", "CodeHubX\CodeHubX.csproj", "{7C9142D1-495D-4941-812B-44A6E833CF6B}"
EndProject
Project("{2150E333-8FDC-42A3-9474-1A3956D46DE8}") = "PlatformSpecific", "PlatformSpecific", "{38295CA3-1D27-45AE-A0FA-7658161457F3}"
EndProject
Project("{2150E333-8FDC-42A3-9474-1A3956D46DE8}") = "Tizen4", "Tizen4", "{3E49DFFF-3531-4443-9FD8-1931ACE79040}"
EndProject
Project("{2150E333-8FDC-42A3-9474-1A3956D46DE8}") = "Tizen5", "Tizen5", "{2A6B11CC-CC2F-47EF-86DF-DBFF49EF863F}"
EndProject
Project("{9A19103F-16F7-4668-BE54-9A1E7A4F7556}") = "CodeHubX.Tizen.Mobile", "PlatformSpecific\CodeHubX.Tizen\Tizen4\CodeHubX.Tizen.Mobile\CodeHubX.Tizen.Mobile.csproj", "{40E8D61D-BD79-470B-9F03-C80FAAC511F9}"
EndProject
Project("{9A19103F-16F7-4668-BE54-9A1E7A4F7556}") = "CodeHubX.Tizen.TV", "PlatformSpecific\CodeHubX.Tizen\Tizen4\CodeHubX.Tizen.TV\CodeHubX.Tizen.TV.csproj", "{83BD96E1-B9A9-466D-AF4E-46AB0912F9CC}"
EndProject
Project("{9A19103F-16F7-4668-BE54-9A1E7A4F7556}") = "CodeHubX.Tizen.Wearable", "PlatformSpecific\CodeHubX.Tizen\Tizen4\CodeHubX.Tizen.Wearable\CodeHubX.Tizen.Wearable.csproj", "{EC2F0502-A1D8-4020-B71F-C119E5493EBB}"
EndProject
Project("{9A19103F-16F7-4668-BE54-9A1E7A4F7556}") = "CodeHubX.Tizen.Mobile", "PlatformSpecific\CodeHubX.Tizen\Tizen5\CodeHubX.Tizen.Mobile\CodeHubX.Tizen.Mobile.csproj", "{0481ECEA-64D3-4D86-B6AC-45575FEFE7AE}"
EndProject
Project("{9A19103F-16F7-4668-BE54-9A1E7A4F7556}") = "CodeHubX.Tizen.TV", "PlatformSpecific\CodeHubX.Tizen\Tizen5\CodeHubX.Tizen.TV\CodeHubX.Tizen.TV.csproj", "{5B5AB7AA-F7CE-435E-BF13-A1BC4A789884}"
EndProject
Project("{9A19103F-16F7-4668-BE54-9A1E7A4F7556}") = "CodeHubX.Tizen.Wearable", "PlatformSpecific\CodeHubX.Tizen\Tizen5\CodeHubX.Tizen.Wearable\CodeHubX.Tizen.Wearable.csproj", "{C3983FF2-8E0F-40AA-B85C-1F4FF337FB1D}"
EndProject
Global
	GlobalSection(SolutionConfigurationPlatforms) = preSolution
		Debug|Any CPU = Debug|Any CPU
		Release|Any CPU = Release|Any CPU
	EndGlobalSection
	GlobalSection(ProjectConfigurationPlatforms) = postSolution
		{7C9142D1-495D-4941-812B-44A6E833CF6B}.Debug|Any CPU.ActiveCfg = Debug|Any CPU
		{7C9142D1-495D-4941-812B-44A6E833CF6B}.Debug|Any CPU.Build.0 = Debug|Any CPU
		{7C9142D1-495D-4941-812B-44A6E833CF6B}.Release|Any CPU.ActiveCfg = Release|Any CPU
		{7C9142D1-495D-4941-812B-44A6E833CF6B}.Release|Any CPU.Build.0 = Release|Any CPU
		{40E8D61D-BD79-470B-9F03-C80FAAC511F9}.Debug|Any CPU.ActiveCfg = Debug|Any CPU
		{40E8D61D-BD79-470B-9F03-C80FAAC511F9}.Debug|Any CPU.Build.0 = Debug|Any CPU
		{40E8D61D-BD79-470B-9F03-C80FAAC511F9}.Release|Any CPU.ActiveCfg = Release|Any CPU
		{40E8D61D-BD79-470B-9F03-C80FAAC511F9}.Release|Any CPU.Build.0 = Release|Any CPU
		{83BD96E1-B9A9-466D-AF4E-46AB0912F9CC}.Debug|Any CPU.ActiveCfg = Debug|Any CPU
		{83BD96E1-B9A9-466D-AF4E-46AB0912F9CC}.Debug|Any CPU.Build.0 = Debug|Any CPU
		{83BD96E1-B9A9-466D-AF4E-46AB0912F9CC}.Release|Any CPU.ActiveCfg = Release|Any CPU
		{83BD96E1-B9A9-466D-AF4E-46AB0912F9CC}.Release|Any CPU.Build.0 = Release|Any CPU
		{EC2F0502-A1D8-4020-B71F-C119E5493EBB}.Debug|Any CPU.ActiveCfg = Debug|Any CPU
		{EC2F0502-A1D8-4020-B71F-C119E5493EBB}.Debug|Any CPU.Build.0 = Debug|Any CPU
		{EC2F0502-A1D8-4020-B71F-C119E5493EBB}.Release|Any CPU.ActiveCfg = Release|Any CPU
		{EC2F0502-A1D8-4020-B71F-C119E5493EBB}.Release|Any CPU.Build.0 = Release|Any CPU
		{0481ECEA-64D3-4D86-B6AC-45575FEFE7AE}.Debug|Any CPU.ActiveCfg = Debug|Any CPU
		{0481ECEA-64D3-4D86-B6AC-45575FEFE7AE}.Debug|Any CPU.Build.0 = Debug|Any CPU
		{0481ECEA-64D3-4D86-B6AC-45575FEFE7AE}.Release|Any CPU.ActiveCfg = Release|Any CPU
		{0481ECEA-64D3-4D86-B6AC-45575FEFE7AE}.Release|Any CPU.Build.0 = Release|Any CPU
		{5B5AB7AA-F7CE-435E-BF13-A1BC4A789884}.Debug|Any CPU.ActiveCfg = Debug|Any CPU
		{5B5AB7AA-F7CE-435E-BF13-A1BC4A789884}.Debug|Any CPU.Build.0 = Debug|Any CPU
		{5B5AB7AA-F7CE-435E-BF13-A1BC4A789884}.Release|Any CPU.ActiveCfg = Release|Any CPU
		{5B5AB7AA-F7CE-435E-BF13-A1BC4A789884}.Release|Any CPU.Build.0 = Release|Any CPU
		{C3983FF2-8E0F-40AA-B85C-1F4FF337FB1D}.Debug|Any CPU.ActiveCfg = Debug|Any CPU
		{C3983FF2-8E0F-40AA-B85C-1F4FF337FB1D}.Debug|Any CPU.Build.0 = Debug|Any CPU
		{C3983FF2-8E0F-40AA-B85C-1F4FF337FB1D}.Release|Any CPU.ActiveCfg = Release|Any CPU
		{C3983FF2-8E0F-40AA-B85C-1F4FF337FB1D}.Release|Any CPU.Build.0 = Release|Any CPU
	EndGlobalSection
	GlobalSection(SolutionProperties) = preSolution
		HideSolutionNode = FALSE
	EndGlobalSection
	GlobalSection(NestedProjects) = preSolution
		{3E49DFFF-3531-4443-9FD8-1931ACE79040} = {38295CA3-1D27-45AE-A0FA-7658161457F3}
		{2A6B11CC-CC2F-47EF-86DF-DBFF49EF863F} = {38295CA3-1D27-45AE-A0FA-7658161457F3}
		{40E8D61D-BD79-470B-9F03-C80FAAC511F9} = {3E49DFFF-3531-4443-9FD8-1931ACE79040}
		{83BD96E1-B9A9-466D-AF4E-46AB0912F9CC} = {3E49DFFF-3531-4443-9FD8-1931ACE79040}
		{EC2F0502-A1D8-4020-B71F-C119E5493EBB} = {3E49DFFF-3531-4443-9FD8-1931ACE79040}
		{0481ECEA-64D3-4D86-B6AC-45575FEFE7AE} = {2A6B11CC-CC2F-47EF-86DF-DBFF49EF863F}
		{5B5AB7AA-F7CE-435E-BF13-A1BC4A789884} = {2A6B11CC-CC2F-47EF-86DF-DBFF49EF863F}
		{C3983FF2-8E0F-40AA-B85C-1F4FF337FB1D} = {2A6B11CC-CC2F-47EF-86DF-DBFF49EF863F}
	EndGlobalSection
	GlobalSection(ExtensibilityGlobals) = postSolution
		SolutionGuid = {C5422BD4-AA16-458C-83D7-98EA9AABBC95}
	EndGlobalSection
EndGlobal
