
Microsoft Visual Studio Solution File, Format Version 12.00
# Visual Studio 15
VisualStudioVersion = 15.0.28010.2050
MinimumVisualStudioVersion = 10.0.40219.1
Project("{2150E333-8FDC-42A3-9474-1A3956D46DE8}") = "PlatformSpecific", "PlatformSpecific", "{331E5F8C-BBD2-4E07-B7E9-45B2F42A2096}"
EndProject
Project("{9A19103F-16F7-4668-BE54-9A1E7A4F7556}") = "CodeHubX", "CodeHubX\CodeHubX.csproj", "{65F9F505-EF2C-4DB6-8EDF-1D6467F16F64}"
EndProject
Project("{FAE04EC0-301F-11D3-BF4B-00C04F79EFBC}") = "CodeHubX.Windows.WPF", "PlatformSpecific\Windows\Desktop\CodeHubX.Windows.WPF.csproj", "{2D18DE1F-EFC4-43E7-A566-44E82EDE67C0}"
EndProject
Project("{FAE04EC0-301F-11D3-BF4B-00C04F79EFBC}") = "CodeHubX.UWP", "PlatformSpecific\Windows\Universal\CodeHubX.UWP.csproj", "{46F2EDE4-2ED1-4C4E-B4E9-432B2BBE7A91}"
EndProject
Project("{2150E333-8FDC-42A3-9474-1A3956D46DE8}") = "Solution Items", "Solution Items", "{A5104391-0D81-4C6B-8FD1-8395E115B76E}"
	ProjectSection(SolutionItems) = preProject
		.editorconfig = .editorconfig
		CODE_OF_CONDUCT.md = CODE_OF_CONDUCT.md
		CONTRIBUTING.md = CONTRIBUTING.md
		LICENSE.md = LICENSE.md
		NuGet.Config = NuGet.Config
		README.md = README.md
	EndProjectSection
EndProject
Global
	GlobalSection(SolutionConfigurationPlatforms) = preSolution
		Debug|Any CPU = Debug|Any CPU
		Debug|ARM = Debug|ARM
		Debug|x64 = Debug|x64
		Debug|x86 = Debug|x86
		Release|Any CPU = Release|Any CPU
		Release|ARM = Release|ARM
		Release|x64 = Release|x64
		Release|x86 = Release|x86
	EndGlobalSection
	GlobalSection(ProjectConfigurationPlatforms) = postSolution
		{65F9F505-EF2C-4DB6-8EDF-1D6467F16F64}.Debug|Any CPU.ActiveCfg = Debug|Any CPU
		{65F9F505-EF2C-4DB6-8EDF-1D6467F16F64}.Debug|Any CPU.Build.0 = Debug|Any CPU
		{65F9F505-EF2C-4DB6-8EDF-1D6467F16F64}.Debug|ARM.ActiveCfg = Debug|Any CPU
		{65F9F505-EF2C-4DB6-8EDF-1D6467F16F64}.Debug|ARM.Build.0 = Debug|Any CPU
		{65F9F505-EF2C-4DB6-8EDF-1D6467F16F64}.Debug|x64.ActiveCfg = Debug|Any CPU
		{65F9F505-EF2C-4DB6-8EDF-1D6467F16F64}.Debug|x64.Build.0 = Debug|Any CPU
		{65F9F505-EF2C-4DB6-8EDF-1D6467F16F64}.Debug|x86.ActiveCfg = Debug|Any CPU
		{65F9F505-EF2C-4DB6-8EDF-1D6467F16F64}.Debug|x86.Build.0 = Debug|Any CPU
		{65F9F505-EF2C-4DB6-8EDF-1D6467F16F64}.Release|Any CPU.ActiveCfg = Release|Any CPU
		{65F9F505-EF2C-4DB6-8EDF-1D6467F16F64}.Release|Any CPU.Build.0 = Release|Any CPU
		{65F9F505-EF2C-4DB6-8EDF-1D6467F16F64}.Release|ARM.ActiveCfg = Release|Any CPU
		{65F9F505-EF2C-4DB6-8EDF-1D6467F16F64}.Release|ARM.Build.0 = Release|Any CPU
		{65F9F505-EF2C-4DB6-8EDF-1D6467F16F64}.Release|x64.ActiveCfg = Release|Any CPU
		{65F9F505-EF2C-4DB6-8EDF-1D6467F16F64}.Release|x64.Build.0 = Release|Any CPU
		{65F9F505-EF2C-4DB6-8EDF-1D6467F16F64}.Release|x86.ActiveCfg = Release|Any CPU
		{65F9F505-EF2C-4DB6-8EDF-1D6467F16F64}.Release|x86.Build.0 = Release|Any CPU
		{2D18DE1F-EFC4-43E7-A566-44E82EDE67C0}.Debug|Any CPU.ActiveCfg = Debug|Any CPU
		{2D18DE1F-EFC4-43E7-A566-44E82EDE67C0}.Debug|Any CPU.Build.0 = Debug|Any CPU
		{2D18DE1F-EFC4-43E7-A566-44E82EDE67C0}.Debug|ARM.ActiveCfg = Debug|Any CPU
		{2D18DE1F-EFC4-43E7-A566-44E82EDE67C0}.Debug|ARM.Build.0 = Debug|Any CPU
		{2D18DE1F-EFC4-43E7-A566-44E82EDE67C0}.Debug|x64.ActiveCfg = Debug|Any CPU
		{2D18DE1F-EFC4-43E7-A566-44E82EDE67C0}.Debug|x64.Build.0 = Debug|Any CPU
		{2D18DE1F-EFC4-43E7-A566-44E82EDE67C0}.Debug|x86.ActiveCfg = Debug|Any CPU
		{2D18DE1F-EFC4-43E7-A566-44E82EDE67C0}.Debug|x86.Build.0 = Debug|Any CPU
		{2D18DE1F-EFC4-43E7-A566-44E82EDE67C0}.Release|Any CPU.ActiveCfg = Release|Any CPU
		{2D18DE1F-EFC4-43E7-A566-44E82EDE67C0}.Release|Any CPU.Build.0 = Release|Any CPU
		{2D18DE1F-EFC4-43E7-A566-44E82EDE67C0}.Release|ARM.ActiveCfg = Release|Any CPU
		{2D18DE1F-EFC4-43E7-A566-44E82EDE67C0}.Release|ARM.Build.0 = Release|Any CPU
		{2D18DE1F-EFC4-43E7-A566-44E82EDE67C0}.Release|x64.ActiveCfg = Release|Any CPU
		{2D18DE1F-EFC4-43E7-A566-44E82EDE67C0}.Release|x64.Build.0 = Release|Any CPU
		{2D18DE1F-EFC4-43E7-A566-44E82EDE67C0}.Release|x86.ActiveCfg = Release|Any CPU
		{2D18DE1F-EFC4-43E7-A566-44E82EDE67C0}.Release|x86.Build.0 = Release|Any CPU
		{46F2EDE4-2ED1-4C4E-B4E9-432B2BBE7A91}.Debug|Any CPU.ActiveCfg = Debug|x86
		{46F2EDE4-2ED1-4C4E-B4E9-432B2BBE7A91}.Debug|ARM.ActiveCfg = Debug|ARM
		{46F2EDE4-2ED1-4C4E-B4E9-432B2BBE7A91}.Debug|ARM.Build.0 = Debug|ARM
		{46F2EDE4-2ED1-4C4E-B4E9-432B2BBE7A91}.Debug|ARM.Deploy.0 = Debug|ARM
		{46F2EDE4-2ED1-4C4E-B4E9-432B2BBE7A91}.Debug|x64.ActiveCfg = Debug|x64
		{46F2EDE4-2ED1-4C4E-B4E9-432B2BBE7A91}.Debug|x64.Build.0 = Debug|x64
		{46F2EDE4-2ED1-4C4E-B4E9-432B2BBE7A91}.Debug|x64.Deploy.0 = Debug|x64
		{46F2EDE4-2ED1-4C4E-B4E9-432B2BBE7A91}.Debug|x86.ActiveCfg = Debug|x86
		{46F2EDE4-2ED1-4C4E-B4E9-432B2BBE7A91}.Debug|x86.Build.0 = Debug|x86
		{46F2EDE4-2ED1-4C4E-B4E9-432B2BBE7A91}.Debug|x86.Deploy.0 = Debug|x86
		{46F2EDE4-2ED1-4C4E-B4E9-432B2BBE7A91}.Release|Any CPU.ActiveCfg = Release|x86
		{46F2EDE4-2ED1-4C4E-B4E9-432B2BBE7A91}.Release|ARM.ActiveCfg = Release|ARM
		{46F2EDE4-2ED1-4C4E-B4E9-432B2BBE7A91}.Release|ARM.Build.0 = Release|ARM
		{46F2EDE4-2ED1-4C4E-B4E9-432B2BBE7A91}.Release|ARM.Deploy.0 = Release|ARM
		{46F2EDE4-2ED1-4C4E-B4E9-432B2BBE7A91}.Release|x64.ActiveCfg = Release|x64
		{46F2EDE4-2ED1-4C4E-B4E9-432B2BBE7A91}.Release|x64.Build.0 = Release|x64
		{46F2EDE4-2ED1-4C4E-B4E9-432B2BBE7A91}.Release|x64.Deploy.0 = Release|x64
		{46F2EDE4-2ED1-4C4E-B4E9-432B2BBE7A91}.Release|x86.ActiveCfg = Release|x86
		{46F2EDE4-2ED1-4C4E-B4E9-432B2BBE7A91}.Release|x86.Build.0 = Release|x86
		{46F2EDE4-2ED1-4C4E-B4E9-432B2BBE7A91}.Release|x86.Deploy.0 = Release|x86
	EndGlobalSection
	GlobalSection(SolutionProperties) = preSolution
		HideSolutionNode = FALSE
	EndGlobalSection
	GlobalSection(NestedProjects) = preSolution
		{2D18DE1F-EFC4-43E7-A566-44E82EDE67C0} = {331E5F8C-BBD2-4E07-B7E9-45B2F42A2096}
		{46F2EDE4-2ED1-4C4E-B4E9-432B2BBE7A91} = {331E5F8C-BBD2-4E07-B7E9-45B2F42A2096}
	EndGlobalSection
	GlobalSection(ExtensibilityGlobals) = postSolution
		SolutionGuid = {E6AFBC22-3552-411E-B6BA-36C7BAE3CE69}
	EndGlobalSection
EndGlobal
